// !$*UTF8*$!
{
	archiveVersion = 1;
	classes = {
	};
	objectVersion = 51;
	objects = {

/* Begin PBXBuildFile section */
		016676467DDBCED3E2CD0481 /* Pods_MovieDB.framework in Frameworks */ = {isa = PBXBuildFile; fileRef = A60C739E345861C48528EF07 /* Pods_MovieDB.framework */; };
		04F9CCFEEE8FFC8F6C10FCBA /* Pods_MovieDBTests.framework in Frameworks */ = {isa = PBXBuildFile; fileRef = 8CC533C71BD567A2982D456E /* Pods_MovieDBTests.framework */; };
		3D3EAE5924D542CE0048E7D2 /* MockURLSessionDataTask.swift in Sources */ = {isa = PBXBuildFile; fileRef = 3D3EAE5824D542CE0048E7D2 /* MockURLSessionDataTask.swift */; };
		3D3EAE6024D55B500048E7D2 /* AppRouter.swift in Sources */ = {isa = PBXBuildFile; fileRef = 3D3EAE5F24D55B500048E7D2 /* AppRouter.swift */; };
		3D3EAE6224D55B640048E7D2 /* Router.swift in Sources */ = {isa = PBXBuildFile; fileRef = 3D3EAE6124D55B640048E7D2 /* Router.swift */; };
		3D3EAE6624D55EC70048E7D2 /* MockRouter.swift in Sources */ = {isa = PBXBuildFile; fileRef = 3D3EAE6524D55EC70048E7D2 /* MockRouter.swift */; };
		3D3EAE6824D55ECD0048E7D2 /* MockAppRouter.swift in Sources */ = {isa = PBXBuildFile; fileRef = 3D3EAE6724D55ECD0048E7D2 /* MockAppRouter.swift */; };
		3D3EAE6A24D560DF0048E7D2 /* RouterTests.swift in Sources */ = {isa = PBXBuildFile; fileRef = 3D3EAE6924D560DF0048E7D2 /* RouterTests.swift */; };
		3D41DD4124D7E723006B8943 /* LaunchScreenViewController.swift in Sources */ = {isa = PBXBuildFile; fileRef = 3D41DD4024D7E723006B8943 /* LaunchScreenViewController.swift */; };
		3D41DD4424D7E7D0006B8943 /* LaunchScreenView.swift in Sources */ = {isa = PBXBuildFile; fileRef = 3D41DD4324D7E7D0006B8943 /* LaunchScreenView.swift */; };
		3D41DD4724D7E7E5006B8943 /* LaunchScreenViewModel.swift in Sources */ = {isa = PBXBuildFile; fileRef = 3D41DD4624D7E7E5006B8943 /* LaunchScreenViewModel.swift */; };
		3D41DD4924D7EBE1006B8943 /* ViewExtension.swift in Sources */ = {isa = PBXBuildFile; fileRef = 3D41DD4824D7EBE1006B8943 /* ViewExtension.swift */; };
		3D41DD4B24D7EC30006B8943 /* LaunchScreenViewModelIO.swift in Sources */ = {isa = PBXBuildFile; fileRef = 3D41DD4A24D7EC30006B8943 /* LaunchScreenViewModelIO.swift */; };
		3D41DD5524D7ED34006B8943 /* LaunchScreenCoordinator.swift in Sources */ = {isa = PBXBuildFile; fileRef = 3D41DD5424D7ED34006B8943 /* LaunchScreenCoordinator.swift */; };
		3D41DD5824D7ED8D006B8943 /* AppDIContainer.swift in Sources */ = {isa = PBXBuildFile; fileRef = 3D41DD5724D7ED8D006B8943 /* AppDIContainer.swift */; };
		3D41DD5A24D7EDE3006B8943 /* AppFlowCoordinator.swift in Sources */ = {isa = PBXBuildFile; fileRef = 3D41DD5924D7EDE3006B8943 /* AppFlowCoordinator.swift */; };
		3D41DD5D24D7EE14006B8943 /* BaseCoordinator.swift in Sources */ = {isa = PBXBuildFile; fileRef = 3D41DD5C24D7EE14006B8943 /* BaseCoordinator.swift */; };
		3D41DD6124D7EFEE006B8943 /* LaunchScreenDIContainer.swift in Sources */ = {isa = PBXBuildFile; fileRef = 3D41DD6024D7EFEE006B8943 /* LaunchScreenDIContainer.swift */; };
		3D41DD6324D7F045006B8943 /* AppConfiguration.swift in Sources */ = {isa = PBXBuildFile; fileRef = 3D41DD6224D7F045006B8943 /* AppConfiguration.swift */; };
		3D41F22124CDA1B0003BEC00 /* MovieDBTests.swift in Sources */ = {isa = PBXBuildFile; fileRef = 3D41F22024CDA1B0003BEC00 /* MovieDBTests.swift */; };
		3D41F22F24CDA550003BEC00 /* MovieDBUITests.swift in Sources */ = {isa = PBXBuildFile; fileRef = 3D41F22E24CDA550003BEC00 /* MovieDBUITests.swift */; };
		3D44290624D4740B0079895A /* ServiceResultTests.swift in Sources */ = {isa = PBXBuildFile; fileRef = 3D44290524D4740B0079895A /* ServiceResultTests.swift */; };
		3D49FE0724CEB76B0039B7F4 /* ServiceConfig.swift in Sources */ = {isa = PBXBuildFile; fileRef = 3D49FE0624CEB76B0039B7F4 /* ServiceConfig.swift */; };
		3D49FE0924CEB8310039B7F4 /* ServiceEndpoint.swift in Sources */ = {isa = PBXBuildFile; fileRef = 3D49FE0824CEB8310039B7F4 /* ServiceEndpoint.swift */; };
		3D49FE0D24CEBA5E0039B7F4 /* ServiceRequest.swift in Sources */ = {isa = PBXBuildFile; fileRef = 3D49FE0C24CEBA5E0039B7F4 /* ServiceRequest.swift */; };
		3D49FE0F24CEBA750039B7F4 /* ServiceResult.swift in Sources */ = {isa = PBXBuildFile; fileRef = 3D49FE0E24CEBA750039B7F4 /* ServiceResult.swift */; };
		3D49FE1224CEBD6A0039B7F4 /* EncodableExtension.swift in Sources */ = {isa = PBXBuildFile; fileRef = 3D49FE1124CEBD6A0039B7F4 /* EncodableExtension.swift */; };
		3D49FE1424CEBDBD0039B7F4 /* DictionaryExtension.swift in Sources */ = {isa = PBXBuildFile; fileRef = 3D49FE1324CEBDBD0039B7F4 /* DictionaryExtension.swift */; };
		3D49FE1624CEC6820039B7F4 /* ServiceSession.swift in Sources */ = {isa = PBXBuildFile; fileRef = 3D49FE1524CEC6820039B7F4 /* ServiceSession.swift */; };
		3D49FE1824CECFDA0039B7F4 /* ResponseDecoder.swift in Sources */ = {isa = PBXBuildFile; fileRef = 3D49FE1724CECFDA0039B7F4 /* ResponseDecoder.swift */; };
		3D5BA2F324D15258009FC48B /* MockServiceEndpoint.swift in Sources */ = {isa = PBXBuildFile; fileRef = 3D5BA2F224D15258009FC48B /* MockServiceEndpoint.swift */; };
		3D5BA2F524D15599009FC48B /* ServiceSessionTests.swift in Sources */ = {isa = PBXBuildFile; fileRef = 3D5BA2F424D15599009FC48B /* ServiceSessionTests.swift */; };
		3D8FEDA924D07432005053E0 /* MockServiceConfigurable.swift in Sources */ = {isa = PBXBuildFile; fileRef = 3D8FEDA824D07432005053E0 /* MockServiceConfigurable.swift */; };
		3D8FEDAB24D0752B005053E0 /* MockServiceSession.swift in Sources */ = {isa = PBXBuildFile; fileRef = 3D8FEDAA24D0752B005053E0 /* MockServiceSession.swift */; };
		5E7CF8C823AB66F4000ACA33 /* AppDelegate.swift in Sources */ = {isa = PBXBuildFile; fileRef = 5E7CF8C723AB66F4000ACA33 /* AppDelegate.swift */; };
		5E7CF8CF23AB66F7000ACA33 /* Assets.xcassets in Resources */ = {isa = PBXBuildFile; fileRef = 5E7CF8CE23AB66F7000ACA33 /* Assets.xcassets */; };
		5E7CF8D223AB66F7000ACA33 /* LaunchScreen.storyboard in Resources */ = {isa = PBXBuildFile; fileRef = 5E7CF8D023AB66F7000ACA33 /* LaunchScreen.storyboard */; };
		D6C738CFED6E5DF8B4A57530 /* Pods_MovieDBUITests.framework in Frameworks */ = {isa = PBXBuildFile; fileRef = EC349273613E0F687E8E0A11 /* Pods_MovieDBUITests.framework */; };
/* End PBXBuildFile section */

/* Begin PBXContainerItemProxy section */
		3D41F22324CDA1B0003BEC00 /* PBXContainerItemProxy */ = {
			isa = PBXContainerItemProxy;
			containerPortal = 5E7CF8BC23AB66F4000ACA33 /* Project object */;
			proxyType = 1;
			remoteGlobalIDString = 5E7CF8C323AB66F4000ACA33;
			remoteInfo = MovieDB;
		};
		3D41F23124CDA550003BEC00 /* PBXContainerItemProxy */ = {
			isa = PBXContainerItemProxy;
			containerPortal = 5E7CF8BC23AB66F4000ACA33 /* Project object */;
			proxyType = 1;
			remoteGlobalIDString = 5E7CF8C323AB66F4000ACA33;
			remoteInfo = MovieDB;
		};
/* End PBXContainerItemProxy section */

/* Begin PBXFileReference section */
		00D86834347908AE3BA7769A /* Pods-MovieDBTests.release.xcconfig */ = {isa = PBXFileReference; includeInIndex = 1; lastKnownFileType = text.xcconfig; name = "Pods-MovieDBTests.release.xcconfig"; path = "Target Support Files/Pods-MovieDBTests/Pods-MovieDBTests.release.xcconfig"; sourceTree = "<group>"; };
		127CD22B6C27BBAE848E874F /* Pods-MovieDBUITests.release.xcconfig */ = {isa = PBXFileReference; includeInIndex = 1; lastKnownFileType = text.xcconfig; name = "Pods-MovieDBUITests.release.xcconfig"; path = "Target Support Files/Pods-MovieDBUITests/Pods-MovieDBUITests.release.xcconfig"; sourceTree = "<group>"; };
		3D3EAE5824D542CE0048E7D2 /* MockURLSessionDataTask.swift */ = {isa = PBXFileReference; lastKnownFileType = sourcecode.swift; path = MockURLSessionDataTask.swift; sourceTree = "<group>"; };
		3D3EAE5F24D55B500048E7D2 /* AppRouter.swift */ = {isa = PBXFileReference; lastKnownFileType = sourcecode.swift; path = AppRouter.swift; sourceTree = "<group>"; };
		3D3EAE6124D55B640048E7D2 /* Router.swift */ = {isa = PBXFileReference; lastKnownFileType = sourcecode.swift; path = Router.swift; sourceTree = "<group>"; };
		3D3EAE6524D55EC70048E7D2 /* MockRouter.swift */ = {isa = PBXFileReference; lastKnownFileType = sourcecode.swift; path = MockRouter.swift; sourceTree = "<group>"; };
		3D3EAE6724D55ECD0048E7D2 /* MockAppRouter.swift */ = {isa = PBXFileReference; lastKnownFileType = sourcecode.swift; path = MockAppRouter.swift; sourceTree = "<group>"; };
		3D3EAE6924D560DF0048E7D2 /* RouterTests.swift */ = {isa = PBXFileReference; lastKnownFileType = sourcecode.swift; path = RouterTests.swift; sourceTree = "<group>"; };
		3D41DD4024D7E723006B8943 /* LaunchScreenViewController.swift */ = {isa = PBXFileReference; lastKnownFileType = sourcecode.swift; path = LaunchScreenViewController.swift; sourceTree = "<group>"; };
		3D41DD4324D7E7D0006B8943 /* LaunchScreenView.swift */ = {isa = PBXFileReference; lastKnownFileType = sourcecode.swift; path = LaunchScreenView.swift; sourceTree = "<group>"; };
		3D41DD4624D7E7E5006B8943 /* LaunchScreenViewModel.swift */ = {isa = PBXFileReference; lastKnownFileType = sourcecode.swift; path = LaunchScreenViewModel.swift; sourceTree = "<group>"; };
		3D41DD4824D7EBE1006B8943 /* ViewExtension.swift */ = {isa = PBXFileReference; lastKnownFileType = sourcecode.swift; path = ViewExtension.swift; sourceTree = "<group>"; };
		3D41DD4A24D7EC30006B8943 /* LaunchScreenViewModelIO.swift */ = {isa = PBXFileReference; lastKnownFileType = sourcecode.swift; path = LaunchScreenViewModelIO.swift; sourceTree = "<group>"; };
		3D41DD5424D7ED34006B8943 /* LaunchScreenCoordinator.swift */ = {isa = PBXFileReference; lastKnownFileType = sourcecode.swift; path = LaunchScreenCoordinator.swift; sourceTree = "<group>"; };
		3D41DD5724D7ED8D006B8943 /* AppDIContainer.swift */ = {isa = PBXFileReference; lastKnownFileType = sourcecode.swift; path = AppDIContainer.swift; sourceTree = "<group>"; };
		3D41DD5924D7EDE3006B8943 /* AppFlowCoordinator.swift */ = {isa = PBXFileReference; lastKnownFileType = sourcecode.swift; path = AppFlowCoordinator.swift; sourceTree = "<group>"; };
		3D41DD5C24D7EE14006B8943 /* BaseCoordinator.swift */ = {isa = PBXFileReference; lastKnownFileType = sourcecode.swift; path = BaseCoordinator.swift; sourceTree = "<group>"; };
		3D41DD6024D7EFEE006B8943 /* LaunchScreenDIContainer.swift */ = {isa = PBXFileReference; lastKnownFileType = sourcecode.swift; path = LaunchScreenDIContainer.swift; sourceTree = "<group>"; };
		3D41DD6224D7F045006B8943 /* AppConfiguration.swift */ = {isa = PBXFileReference; lastKnownFileType = sourcecode.swift; path = AppConfiguration.swift; sourceTree = "<group>"; };
		3D41F21E24CDA1B0003BEC00 /* MovieDBTests.xctest */ = {isa = PBXFileReference; explicitFileType = wrapper.cfbundle; includeInIndex = 0; path = MovieDBTests.xctest; sourceTree = BUILT_PRODUCTS_DIR; };
		3D41F22024CDA1B0003BEC00 /* MovieDBTests.swift */ = {isa = PBXFileReference; lastKnownFileType = sourcecode.swift; path = MovieDBTests.swift; sourceTree = "<group>"; };
		3D41F22224CDA1B0003BEC00 /* Info.plist */ = {isa = PBXFileReference; lastKnownFileType = text.plist.xml; path = Info.plist; sourceTree = "<group>"; };
		3D41F22C24CDA550003BEC00 /* MovieDBUITests.xctest */ = {isa = PBXFileReference; explicitFileType = wrapper.cfbundle; includeInIndex = 0; path = MovieDBUITests.xctest; sourceTree = BUILT_PRODUCTS_DIR; };
		3D41F22E24CDA550003BEC00 /* MovieDBUITests.swift */ = {isa = PBXFileReference; lastKnownFileType = sourcecode.swift; path = MovieDBUITests.swift; sourceTree = "<group>"; };
		3D41F23024CDA550003BEC00 /* Info.plist */ = {isa = PBXFileReference; lastKnownFileType = text.plist.xml; path = Info.plist; sourceTree = "<group>"; };
		3D44290524D4740B0079895A /* ServiceResultTests.swift */ = {isa = PBXFileReference; lastKnownFileType = sourcecode.swift; path = ServiceResultTests.swift; sourceTree = "<group>"; };
		3D49FE0624CEB76B0039B7F4 /* ServiceConfig.swift */ = {isa = PBXFileReference; lastKnownFileType = sourcecode.swift; path = ServiceConfig.swift; sourceTree = "<group>"; };
		3D49FE0824CEB8310039B7F4 /* ServiceEndpoint.swift */ = {isa = PBXFileReference; lastKnownFileType = sourcecode.swift; path = ServiceEndpoint.swift; sourceTree = "<group>"; };
		3D49FE0C24CEBA5E0039B7F4 /* ServiceRequest.swift */ = {isa = PBXFileReference; lastKnownFileType = sourcecode.swift; path = ServiceRequest.swift; sourceTree = "<group>"; };
		3D49FE0E24CEBA750039B7F4 /* ServiceResult.swift */ = {isa = PBXFileReference; lastKnownFileType = sourcecode.swift; path = ServiceResult.swift; sourceTree = "<group>"; };
		3D49FE1124CEBD6A0039B7F4 /* EncodableExtension.swift */ = {isa = PBXFileReference; lastKnownFileType = sourcecode.swift; path = EncodableExtension.swift; sourceTree = "<group>"; };
		3D49FE1324CEBDBD0039B7F4 /* DictionaryExtension.swift */ = {isa = PBXFileReference; lastKnownFileType = sourcecode.swift; path = DictionaryExtension.swift; sourceTree = "<group>"; };
		3D49FE1524CEC6820039B7F4 /* ServiceSession.swift */ = {isa = PBXFileReference; lastKnownFileType = sourcecode.swift; path = ServiceSession.swift; sourceTree = "<group>"; };
		3D49FE1724CECFDA0039B7F4 /* ResponseDecoder.swift */ = {isa = PBXFileReference; lastKnownFileType = sourcecode.swift; path = ResponseDecoder.swift; sourceTree = "<group>"; };
		3D5BA2F224D15258009FC48B /* MockServiceEndpoint.swift */ = {isa = PBXFileReference; lastKnownFileType = sourcecode.swift; path = MockServiceEndpoint.swift; sourceTree = "<group>"; };
		3D5BA2F424D15599009FC48B /* ServiceSessionTests.swift */ = {isa = PBXFileReference; lastKnownFileType = sourcecode.swift; path = ServiceSessionTests.swift; sourceTree = "<group>"; };
		3D8FEDA824D07432005053E0 /* MockServiceConfigurable.swift */ = {isa = PBXFileReference; lastKnownFileType = sourcecode.swift; path = MockServiceConfigurable.swift; sourceTree = "<group>"; };
		3D8FEDAA24D0752B005053E0 /* MockServiceSession.swift */ = {isa = PBXFileReference; lastKnownFileType = sourcecode.swift; path = MockServiceSession.swift; sourceTree = "<group>"; };
		5E7CF8C423AB66F4000ACA33 /* MovieDB.app */ = {isa = PBXFileReference; explicitFileType = wrapper.application; includeInIndex = 0; path = MovieDB.app; sourceTree = BUILT_PRODUCTS_DIR; };
		5E7CF8C723AB66F4000ACA33 /* AppDelegate.swift */ = {isa = PBXFileReference; lastKnownFileType = sourcecode.swift; path = AppDelegate.swift; sourceTree = "<group>"; };
		5E7CF8CE23AB66F7000ACA33 /* Assets.xcassets */ = {isa = PBXFileReference; lastKnownFileType = folder.assetcatalog; path = Assets.xcassets; sourceTree = "<group>"; };
		5E7CF8D123AB66F7000ACA33 /* Base */ = {isa = PBXFileReference; lastKnownFileType = file.storyboard; name = Base; path = Base.lproj/LaunchScreen.storyboard; sourceTree = "<group>"; };
		5E7CF8D323AB66F7000ACA33 /* Info.plist */ = {isa = PBXFileReference; lastKnownFileType = text.plist.xml; path = Info.plist; sourceTree = "<group>"; };
		649ED3572243D24BE71C700D /* Pods-MovieDBUITests.debug.xcconfig */ = {isa = PBXFileReference; includeInIndex = 1; lastKnownFileType = text.xcconfig; name = "Pods-MovieDBUITests.debug.xcconfig"; path = "Target Support Files/Pods-MovieDBUITests/Pods-MovieDBUITests.debug.xcconfig"; sourceTree = "<group>"; };
		8CC533C71BD567A2982D456E /* Pods_MovieDBTests.framework */ = {isa = PBXFileReference; explicitFileType = wrapper.framework; includeInIndex = 0; path = Pods_MovieDBTests.framework; sourceTree = BUILT_PRODUCTS_DIR; };
		9B9752A58FED0B40FACCFF3B /* Pods-MovieDB.release.xcconfig */ = {isa = PBXFileReference; includeInIndex = 1; lastKnownFileType = text.xcconfig; name = "Pods-MovieDB.release.xcconfig"; path = "Target Support Files/Pods-MovieDB/Pods-MovieDB.release.xcconfig"; sourceTree = "<group>"; };
		A05CB766AE2E6FE1732D21A4 /* Pods-MovieDBTests.debug.xcconfig */ = {isa = PBXFileReference; includeInIndex = 1; lastKnownFileType = text.xcconfig; name = "Pods-MovieDBTests.debug.xcconfig"; path = "Target Support Files/Pods-MovieDBTests/Pods-MovieDBTests.debug.xcconfig"; sourceTree = "<group>"; };
		A60C739E345861C48528EF07 /* Pods_MovieDB.framework */ = {isa = PBXFileReference; explicitFileType = wrapper.framework; includeInIndex = 0; path = Pods_MovieDB.framework; sourceTree = BUILT_PRODUCTS_DIR; };
		EC349273613E0F687E8E0A11 /* Pods_MovieDBUITests.framework */ = {isa = PBXFileReference; explicitFileType = wrapper.framework; includeInIndex = 0; path = Pods_MovieDBUITests.framework; sourceTree = BUILT_PRODUCTS_DIR; };
		ED033EA145BE0CE058B8CF55 /* Pods-MovieDB.debug.xcconfig */ = {isa = PBXFileReference; includeInIndex = 1; lastKnownFileType = text.xcconfig; name = "Pods-MovieDB.debug.xcconfig"; path = "Target Support Files/Pods-MovieDB/Pods-MovieDB.debug.xcconfig"; sourceTree = "<group>"; };
/* End PBXFileReference section */

/* Begin PBXFrameworksBuildPhase section */
		3D41F21B24CDA1B0003BEC00 /* Frameworks */ = {
			isa = PBXFrameworksBuildPhase;
			buildActionMask = 2147483647;
			files = (
				04F9CCFEEE8FFC8F6C10FCBA /* Pods_MovieDBTests.framework in Frameworks */,
			);
			runOnlyForDeploymentPostprocessing = 0;
		};
		3D41F22924CDA550003BEC00 /* Frameworks */ = {
			isa = PBXFrameworksBuildPhase;
			buildActionMask = 2147483647;
			files = (
				D6C738CFED6E5DF8B4A57530 /* Pods_MovieDBUITests.framework in Frameworks */,
			);
			runOnlyForDeploymentPostprocessing = 0;
		};
		5E7CF8C123AB66F4000ACA33 /* Frameworks */ = {
			isa = PBXFrameworksBuildPhase;
			buildActionMask = 2147483647;
			files = (
				016676467DDBCED3E2CD0481 /* Pods_MovieDB.framework in Frameworks */,
			);
			runOnlyForDeploymentPostprocessing = 0;
		};
/* End PBXFrameworksBuildPhase section */

/* Begin PBXGroup section */
		14EC22C6E757FB12F70F1A41 /* Pods */ = {
			isa = PBXGroup;
			children = (
				ED033EA145BE0CE058B8CF55 /* Pods-MovieDB.debug.xcconfig */,
				9B9752A58FED0B40FACCFF3B /* Pods-MovieDB.release.xcconfig */,
				A05CB766AE2E6FE1732D21A4 /* Pods-MovieDBTests.debug.xcconfig */,
				00D86834347908AE3BA7769A /* Pods-MovieDBTests.release.xcconfig */,
				649ED3572243D24BE71C700D /* Pods-MovieDBUITests.debug.xcconfig */,
				127CD22B6C27BBAE848E874F /* Pods-MovieDBUITests.release.xcconfig */,
			);
			path = Pods;
			sourceTree = "<group>";
		};
		3D3EAE5A24D55AD60048E7D2 /* Router */ = {
			isa = PBXGroup;
			children = (
				3D3EAE5F24D55B500048E7D2 /* AppRouter.swift */,
				3D3EAE6124D55B640048E7D2 /* Router.swift */,
			);
			path = Router;
			sourceTree = "<group>";
		};
		3D3EAE5D24D55B0A0048E7D2 /* Application */ = {
			isa = PBXGroup;
			children = (
				5E7CF8C723AB66F4000ACA33 /* AppDelegate.swift */,
				3D41DD6224D7F045006B8943 /* AppConfiguration.swift */,
				3D41DD5924D7EDE3006B8943 /* AppFlowCoordinator.swift */,
				3D41DD5F24D7EE7E006B8943 /* DIContainer */,
			);
			path = Application;
			sourceTree = "<group>";
		};
		3D3EAE6324D55E970048E7D2 /* Router */ = {
			isa = PBXGroup;
			children = (
				3D3EAE6424D55EA10048E7D2 /* Mock */,
				3D3EAE6924D560DF0048E7D2 /* RouterTests.swift */,
			);
			path = Router;
			sourceTree = "<group>";
		};
		3D3EAE6424D55EA10048E7D2 /* Mock */ = {
			isa = PBXGroup;
			children = (
				3D3EAE6524D55EC70048E7D2 /* MockRouter.swift */,
				3D3EAE6724D55ECD0048E7D2 /* MockAppRouter.swift */,
			);
			path = Mock;
			sourceTree = "<group>";
		};
		3D41DD3824D7E64E006B8943 /* Presentation */ = {
			isa = PBXGroup;
			children = (
				3D41DD3F24D7E700006B8943 /* Flows */,
				3D41DD3E24D7E6FB006B8943 /* LaunchScreen */,
			);
			path = Presentation;
			sourceTree = "<group>";
		};
		3D41DD3924D7E661006B8943 /* Common */ = {
			isa = PBXGroup;
			children = (
				3D49FE1024CEBD5F0039B7F4 /* Extensions */,
			);
			path = Common;
			sourceTree = "<group>";
		};
		3D41DD3A24D7E673006B8943 /* Resources */ = {
			isa = PBXGroup;
			children = (
				5E7CF8CE23AB66F7000ACA33 /* Assets.xcassets */,
				5E7CF8D023AB66F7000ACA33 /* LaunchScreen.storyboard */,
				5E7CF8D323AB66F7000ACA33 /* Info.plist */,
			);
			name = Resources;
			sourceTree = "<group>";
		};
		3D41DD3B24D7E6AB006B8943 /* Data */ = {
			isa = PBXGroup;
			children = (
				3D41DD4C24D7EC95006B8943 /* Repositories */,
				3D41DD5124D7ED03006B8943 /* Local */,
				3D41DD5224D7ED07006B8943 /* Remote */,
			);
			path = Data;
			sourceTree = "<group>";
		};
		3D41DD3D24D7E6C3006B8943 /* Domain */ = {
			isa = PBXGroup;
			children = (
				3D41DD4D24D7EC9F006B8943 /* Entities */,
				3D41DD4E24D7ECA7006B8943 /* UseCases */,
				3D41DD4F24D7ECAC006B8943 /* Interfaces */,
			);
			path = Domain;
			sourceTree = "<group>";
		};
		3D41DD3E24D7E6FB006B8943 /* LaunchScreen */ = {
			isa = PBXGroup;
			children = (
				3D41DD4524D7E7D7006B8943 /* ViewModel */,
				3D41DD4224D7E7C7006B8943 /* View */,
			);
			path = LaunchScreen;
			sourceTree = "<group>";
		};
		3D41DD3F24D7E700006B8943 /* Flows */ = {
			isa = PBXGroup;
			children = (
				3D41DD5424D7ED34006B8943 /* LaunchScreenCoordinator.swift */,
			);
			path = Flows;
			sourceTree = "<group>";
		};
		3D41DD4224D7E7C7006B8943 /* View */ = {
			isa = PBXGroup;
			children = (
				3D41DD4324D7E7D0006B8943 /* LaunchScreenView.swift */,
				3D41DD4024D7E723006B8943 /* LaunchScreenViewController.swift */,
			);
			path = View;
			sourceTree = "<group>";
		};
		3D41DD4524D7E7D7006B8943 /* ViewModel */ = {
			isa = PBXGroup;
			children = (
				3D41DD4624D7E7E5006B8943 /* LaunchScreenViewModel.swift */,
				3D41DD4A24D7EC30006B8943 /* LaunchScreenViewModelIO.swift */,
			);
			path = ViewModel;
			sourceTree = "<group>";
		};
		3D41DD4C24D7EC95006B8943 /* Repositories */ = {
			isa = PBXGroup;
			children = (
			);
			path = Repositories;
			sourceTree = "<group>";
		};
		3D41DD4D24D7EC9F006B8943 /* Entities */ = {
			isa = PBXGroup;
			children = (
			);
			path = Entities;
			sourceTree = "<group>";
		};
		3D41DD4E24D7ECA7006B8943 /* UseCases */ = {
			isa = PBXGroup;
			children = (
			);
			path = UseCases;
			sourceTree = "<group>";
		};
		3D41DD4F24D7ECAC006B8943 /* Interfaces */ = {
			isa = PBXGroup;
			children = (
			);
			path = Interfaces;
			sourceTree = "<group>";
		};
		3D41DD5124D7ED03006B8943 /* Local */ = {
			isa = PBXGroup;
			children = (
			);
			path = Local;
			sourceTree = "<group>";
		};
		3D41DD5224D7ED07006B8943 /* Remote */ = {
			isa = PBXGroup;
			children = (
			);
			path = Remote;
			sourceTree = "<group>";
		};
		3D41DD5B24D7EE09006B8943 /* Coordinator */ = {
			isa = PBXGroup;
			children = (
				3D41DD5C24D7EE14006B8943 /* BaseCoordinator.swift */,
			);
			path = Coordinator;
			sourceTree = "<group>";
		};
		3D41DD5F24D7EE7E006B8943 /* DIContainer */ = {
			isa = PBXGroup;
			children = (
				3D41DD5724D7ED8D006B8943 /* AppDIContainer.swift */,
				3D41DD6024D7EFEE006B8943 /* LaunchScreenDIContainer.swift */,
			);
			path = DIContainer;
			sourceTree = "<group>";
		};
		3D41F21F24CDA1B0003BEC00 /* MovieDBTests */ = {
			isa = PBXGroup;
			children = (
				3D3EAE6324D55E970048E7D2 /* Router */,
				3D49FE1924CEDE250039B7F4 /* Infrastructure */,
				3D41F22024CDA1B0003BEC00 /* MovieDBTests.swift */,
				3D41F22224CDA1B0003BEC00 /* Info.plist */,
			);
			path = MovieDBTests;
			sourceTree = "<group>";
		};
		3D41F22D24CDA550003BEC00 /* MovieDBUITests */ = {
			isa = PBXGroup;
			children = (
				3D41F22E24CDA550003BEC00 /* MovieDBUITests.swift */,
				3D41F23024CDA550003BEC00 /* Info.plist */,
			);
			path = MovieDBUITests;
			sourceTree = "<group>";
		};
		3D49FE0424CEB72A0039B7F4 /* Infrastructure */ = {
			isa = PBXGroup;
			children = (
				3D49FE0524CEB7350039B7F4 /* Networking */,
			);
			path = Infrastructure;
			sourceTree = "<group>";
		};
		3D49FE0524CEB7350039B7F4 /* Networking */ = {
			isa = PBXGroup;
			children = (
				3D49FE1724CECFDA0039B7F4 /* ResponseDecoder.swift */,
				3D49FE0E24CEBA750039B7F4 /* ServiceResult.swift */,
				3D49FE0C24CEBA5E0039B7F4 /* ServiceRequest.swift */,
				3D49FE1524CEC6820039B7F4 /* ServiceSession.swift */,
				3D49FE0824CEB8310039B7F4 /* ServiceEndpoint.swift */,
				3D49FE0624CEB76B0039B7F4 /* ServiceConfig.swift */,
			);
			path = Networking;
			sourceTree = "<group>";
		};
		3D49FE1024CEBD5F0039B7F4 /* Extensions */ = {
			isa = PBXGroup;
			children = (
				3D49FE1124CEBD6A0039B7F4 /* EncodableExtension.swift */,
				3D49FE1324CEBDBD0039B7F4 /* DictionaryExtension.swift */,
				3D41DD4824D7EBE1006B8943 /* ViewExtension.swift */,
			);
			path = Extensions;
			sourceTree = "<group>";
		};
		3D49FE1924CEDE250039B7F4 /* Infrastructure */ = {
			isa = PBXGroup;
			children = (
				3D49FE1A24CEDE320039B7F4 /* Mock */,
				3D5BA2F424D15599009FC48B /* ServiceSessionTests.swift */,
				3D44290524D4740B0079895A /* ServiceResultTests.swift */,
			);
			path = Infrastructure;
			sourceTree = "<group>";
		};
		3D49FE1A24CEDE320039B7F4 /* Mock */ = {
			isa = PBXGroup;
			children = (
				3D8FEDA824D07432005053E0 /* MockServiceConfigurable.swift */,
				3D8FEDAA24D0752B005053E0 /* MockServiceSession.swift */,
				3D5BA2F224D15258009FC48B /* MockServiceEndpoint.swift */,
				3D3EAE5824D542CE0048E7D2 /* MockURLSessionDataTask.swift */,
			);
			path = Mock;
			sourceTree = "<group>";
		};
		5E7CF8BB23AB66F4000ACA33 = {
			isa = PBXGroup;
			children = (
				5E7CF8C623AB66F4000ACA33 /* MovieDB */,
				3D41F21F24CDA1B0003BEC00 /* MovieDBTests */,
				3D41F22D24CDA550003BEC00 /* MovieDBUITests */,
				5E7CF8C523AB66F4000ACA33 /* Products */,
				14EC22C6E757FB12F70F1A41 /* Pods */,
				8F5B5CCCE6662FF5B2D23814 /* Frameworks */,
			);
			sourceTree = "<group>";
		};
		5E7CF8C523AB66F4000ACA33 /* Products */ = {
			isa = PBXGroup;
			children = (
				5E7CF8C423AB66F4000ACA33 /* MovieDB.app */,
				3D41F21E24CDA1B0003BEC00 /* MovieDBTests.xctest */,
				3D41F22C24CDA550003BEC00 /* MovieDBUITests.xctest */,
			);
			name = Products;
			sourceTree = "<group>";
		};
		5E7CF8C623AB66F4000ACA33 /* MovieDB */ = {
			isa = PBXGroup;
			children = (
				3D3EAE5D24D55B0A0048E7D2 /* Application */,
				3D41DD5B24D7EE09006B8943 /* Coordinator */,
				3D3EAE5A24D55AD60048E7D2 /* Router */,
				3D41DD3824D7E64E006B8943 /* Presentation */,
				3D41DD3D24D7E6C3006B8943 /* Domain */,
				3D41DD3B24D7E6AB006B8943 /* Data */,
				3D49FE0424CEB72A0039B7F4 /* Infrastructure */,
				3D41DD3924D7E661006B8943 /* Common */,
				3D41DD3A24D7E673006B8943 /* Resources */,
			);
			path = MovieDB;
			sourceTree = "<group>";
		};
		8F5B5CCCE6662FF5B2D23814 /* Frameworks */ = {
			isa = PBXGroup;
			children = (
				A60C739E345861C48528EF07 /* Pods_MovieDB.framework */,
				8CC533C71BD567A2982D456E /* Pods_MovieDBTests.framework */,
				EC349273613E0F687E8E0A11 /* Pods_MovieDBUITests.framework */,
			);
			name = Frameworks;
			sourceTree = "<group>";
		};
/* End PBXGroup section */

/* Begin PBXNativeTarget section */
		3D41F21D24CDA1B0003BEC00 /* MovieDBTests */ = {
			isa = PBXNativeTarget;
			buildConfigurationList = 3D41F22524CDA1B0003BEC00 /* Build configuration list for PBXNativeTarget "MovieDBTests" */;
			buildPhases = (
				AE42A7D809B9843B49992E5D /* [CP] Check Pods Manifest.lock */,
				3D41F21A24CDA1B0003BEC00 /* Sources */,
				3D41F21B24CDA1B0003BEC00 /* Frameworks */,
				3D41F21C24CDA1B0003BEC00 /* Resources */,
				3437F7CAEAD1E5F47C9D125D /* [CP] Embed Pods Frameworks */,
			);
			buildRules = (
			);
			dependencies = (
				3D41F22424CDA1B0003BEC00 /* PBXTargetDependency */,
			);
			name = MovieDBTests;
			productName = MovieDBTests;
			productReference = 3D41F21E24CDA1B0003BEC00 /* MovieDBTests.xctest */;
			productType = "com.apple.product-type.bundle.unit-test";
		};
		3D41F22B24CDA550003BEC00 /* MovieDBUITests */ = {
			isa = PBXNativeTarget;
			buildConfigurationList = 3D41F23324CDA550003BEC00 /* Build configuration list for PBXNativeTarget "MovieDBUITests" */;
			buildPhases = (
				D52CA551DAB0DC6B05E861CB /* [CP] Check Pods Manifest.lock */,
				3D41F22824CDA550003BEC00 /* Sources */,
				3D41F22924CDA550003BEC00 /* Frameworks */,
				3D41F22A24CDA550003BEC00 /* Resources */,
				91703B4CFF30FE8F4DD83796 /* [CP] Embed Pods Frameworks */,
			);
			buildRules = (
			);
			dependencies = (
				3D41F23224CDA550003BEC00 /* PBXTargetDependency */,
			);
			name = MovieDBUITests;
			productName = MovieDBUITests;
			productReference = 3D41F22C24CDA550003BEC00 /* MovieDBUITests.xctest */;
			productType = "com.apple.product-type.bundle.ui-testing";
		};
		5E7CF8C323AB66F4000ACA33 /* MovieDB */ = {
			isa = PBXNativeTarget;
			buildConfigurationList = 5E7CF8E123AB66F8000ACA33 /* Build configuration list for PBXNativeTarget "MovieDB" */;
			buildPhases = (
				FC5F4FEA8AAFFBA009A078AD /* [CP] Check Pods Manifest.lock */,
				5E7CF8C023AB66F4000ACA33 /* Sources */,
				5E7CF8C123AB66F4000ACA33 /* Frameworks */,
				5E7CF8C223AB66F4000ACA33 /* Resources */,
				8D91DFBC4A2DDF40F630A51F /* [CP] Embed Pods Frameworks */,
			);
			buildRules = (
			);
			dependencies = (
			);
			name = MovieDB;
			productName = MovieDB;
			productReference = 5E7CF8C423AB66F4000ACA33 /* MovieDB.app */;
			productType = "com.apple.product-type.application";
		};
/* End PBXNativeTarget section */

/* Begin PBXProject section */
		5E7CF8BC23AB66F4000ACA33 /* Project object */ = {
			isa = PBXProject;
			attributes = {
				LastSwiftUpdateCheck = 1160;
				LastUpgradeCheck = 1030;
				ORGANIZATIONNAME = William;
				TargetAttributes = {
					3D41F21D24CDA1B0003BEC00 = {
						CreatedOnToolsVersion = 11.6;
						TestTargetID = 5E7CF8C323AB66F4000ACA33;
					};
					3D41F22B24CDA550003BEC00 = {
						CreatedOnToolsVersion = 11.6;
						TestTargetID = 5E7CF8C323AB66F4000ACA33;
					};
					5E7CF8C323AB66F4000ACA33 = {
						CreatedOnToolsVersion = 10.3;
					};
				};
			};
			buildConfigurationList = 5E7CF8BF23AB66F4000ACA33 /* Build configuration list for PBXProject "MovieDB" */;
			compatibilityVersion = "Xcode 9.3";
			developmentRegion = en;
			hasScannedForEncodings = 0;
			knownRegions = (
				en,
				Base,
			);
			mainGroup = 5E7CF8BB23AB66F4000ACA33;
			productRefGroup = 5E7CF8C523AB66F4000ACA33 /* Products */;
			projectDirPath = "";
			projectRoot = "";
			targets = (
				5E7CF8C323AB66F4000ACA33 /* MovieDB */,
				3D41F21D24CDA1B0003BEC00 /* MovieDBTests */,
				3D41F22B24CDA550003BEC00 /* MovieDBUITests */,
			);
		};
/* End PBXProject section */

/* Begin PBXResourcesBuildPhase section */
		3D41F21C24CDA1B0003BEC00 /* Resources */ = {
			isa = PBXResourcesBuildPhase;
			buildActionMask = 2147483647;
			files = (
			);
			runOnlyForDeploymentPostprocessing = 0;
		};
		3D41F22A24CDA550003BEC00 /* Resources */ = {
			isa = PBXResourcesBuildPhase;
			buildActionMask = 2147483647;
			files = (
			);
			runOnlyForDeploymentPostprocessing = 0;
		};
		5E7CF8C223AB66F4000ACA33 /* Resources */ = {
			isa = PBXResourcesBuildPhase;
			buildActionMask = 2147483647;
			files = (
				5E7CF8D223AB66F7000ACA33 /* LaunchScreen.storyboard in Resources */,
				5E7CF8CF23AB66F7000ACA33 /* Assets.xcassets in Resources */,
			);
			runOnlyForDeploymentPostprocessing = 0;
		};
/* End PBXResourcesBuildPhase section */

/* Begin PBXShellScriptBuildPhase section */
		3437F7CAEAD1E5F47C9D125D /* [CP] Embed Pods Frameworks */ = {
			isa = PBXShellScriptBuildPhase;
			buildActionMask = 2147483647;
			files = (
			);
			inputFileListPaths = (
				"${PODS_ROOT}/Target Support Files/Pods-MovieDBTests/Pods-MovieDBTests-frameworks-${CONFIGURATION}-input-files.xcfilelist",
			);
			name = "[CP] Embed Pods Frameworks";
			outputFileListPaths = (
				"${PODS_ROOT}/Target Support Files/Pods-MovieDBTests/Pods-MovieDBTests-frameworks-${CONFIGURATION}-output-files.xcfilelist",
			);
			runOnlyForDeploymentPostprocessing = 0;
			shellPath = /bin/sh;
			shellScript = "\"${PODS_ROOT}/Target Support Files/Pods-MovieDBTests/Pods-MovieDBTests-frameworks.sh\"\n";
			showEnvVarsInLog = 0;
		};
		8D91DFBC4A2DDF40F630A51F /* [CP] Embed Pods Frameworks */ = {
			isa = PBXShellScriptBuildPhase;
			buildActionMask = 2147483647;
			files = (
			);
			inputFileListPaths = (
				"${PODS_ROOT}/Target Support Files/Pods-MovieDB/Pods-MovieDB-frameworks-${CONFIGURATION}-input-files.xcfilelist",
			);
			name = "[CP] Embed Pods Frameworks";
			outputFileListPaths = (
				"${PODS_ROOT}/Target Support Files/Pods-MovieDB/Pods-MovieDB-frameworks-${CONFIGURATION}-output-files.xcfilelist",
			);
			runOnlyForDeploymentPostprocessing = 0;
			shellPath = /bin/sh;
			shellScript = "\"${PODS_ROOT}/Target Support Files/Pods-MovieDB/Pods-MovieDB-frameworks.sh\"\n";
			showEnvVarsInLog = 0;
		};
		91703B4CFF30FE8F4DD83796 /* [CP] Embed Pods Frameworks */ = {
			isa = PBXShellScriptBuildPhase;
			buildActionMask = 2147483647;
			files = (
			);
			inputFileListPaths = (
				"${PODS_ROOT}/Target Support Files/Pods-MovieDBUITests/Pods-MovieDBUITests-frameworks-${CONFIGURATION}-input-files.xcfilelist",
			);
			name = "[CP] Embed Pods Frameworks";
			outputFileListPaths = (
				"${PODS_ROOT}/Target Support Files/Pods-MovieDBUITests/Pods-MovieDBUITests-frameworks-${CONFIGURATION}-output-files.xcfilelist",
			);
			runOnlyForDeploymentPostprocessing = 0;
			shellPath = /bin/sh;
			shellScript = "\"${PODS_ROOT}/Target Support Files/Pods-MovieDBUITests/Pods-MovieDBUITests-frameworks.sh\"\n";
			showEnvVarsInLog = 0;
		};
		AE42A7D809B9843B49992E5D /* [CP] Check Pods Manifest.lock */ = {
			isa = PBXShellScriptBuildPhase;
			buildActionMask = 2147483647;
			files = (
			);
			inputFileListPaths = (
			);
			inputPaths = (
				"${PODS_PODFILE_DIR_PATH}/Podfile.lock",
				"${PODS_ROOT}/Manifest.lock",
			);
			name = "[CP] Check Pods Manifest.lock";
			outputFileListPaths = (
			);
			outputPaths = (
				"$(DERIVED_FILE_DIR)/Pods-MovieDBTests-checkManifestLockResult.txt",
			);
			runOnlyForDeploymentPostprocessing = 0;
			shellPath = /bin/sh;
			shellScript = "diff \"${PODS_PODFILE_DIR_PATH}/Podfile.lock\" \"${PODS_ROOT}/Manifest.lock\" > /dev/null\nif [ $? != 0 ] ; then\n    # print error to STDERR\n    echo \"error: The sandbox is not in sync with the Podfile.lock. Run 'pod install' or update your CocoaPods installation.\" >&2\n    exit 1\nfi\n# This output is used by Xcode 'outputs' to avoid re-running this script phase.\necho \"SUCCESS\" > \"${SCRIPT_OUTPUT_FILE_0}\"\n";
			showEnvVarsInLog = 0;
		};
		D52CA551DAB0DC6B05E861CB /* [CP] Check Pods Manifest.lock */ = {
			isa = PBXShellScriptBuildPhase;
			buildActionMask = 2147483647;
			files = (
			);
			inputFileListPaths = (
			);
			inputPaths = (
				"${PODS_PODFILE_DIR_PATH}/Podfile.lock",
				"${PODS_ROOT}/Manifest.lock",
			);
			name = "[CP] Check Pods Manifest.lock";
			outputFileListPaths = (
			);
			outputPaths = (
				"$(DERIVED_FILE_DIR)/Pods-MovieDBUITests-checkManifestLockResult.txt",
			);
			runOnlyForDeploymentPostprocessing = 0;
			shellPath = /bin/sh;
			shellScript = "diff \"${PODS_PODFILE_DIR_PATH}/Podfile.lock\" \"${PODS_ROOT}/Manifest.lock\" > /dev/null\nif [ $? != 0 ] ; then\n    # print error to STDERR\n    echo \"error: The sandbox is not in sync with the Podfile.lock. Run 'pod install' or update your CocoaPods installation.\" >&2\n    exit 1\nfi\n# This output is used by Xcode 'outputs' to avoid re-running this script phase.\necho \"SUCCESS\" > \"${SCRIPT_OUTPUT_FILE_0}\"\n";
			showEnvVarsInLog = 0;
		};
		FC5F4FEA8AAFFBA009A078AD /* [CP] Check Pods Manifest.lock */ = {
			isa = PBXShellScriptBuildPhase;
			buildActionMask = 2147483647;
			files = (
			);
			inputFileListPaths = (
			);
			inputPaths = (
				"${PODS_PODFILE_DIR_PATH}/Podfile.lock",
				"${PODS_ROOT}/Manifest.lock",
			);
			name = "[CP] Check Pods Manifest.lock";
			outputFileListPaths = (
			);
			outputPaths = (
				"$(DERIVED_FILE_DIR)/Pods-MovieDB-checkManifestLockResult.txt",
			);
			runOnlyForDeploymentPostprocessing = 0;
			shellPath = /bin/sh;
			shellScript = "diff \"${PODS_PODFILE_DIR_PATH}/Podfile.lock\" \"${PODS_ROOT}/Manifest.lock\" > /dev/null\nif [ $? != 0 ] ; then\n    # print error to STDERR\n    echo \"error: The sandbox is not in sync with the Podfile.lock. Run 'pod install' or update your CocoaPods installation.\" >&2\n    exit 1\nfi\n# This output is used by Xcode 'outputs' to avoid re-running this script phase.\necho \"SUCCESS\" > \"${SCRIPT_OUTPUT_FILE_0}\"\n";
			showEnvVarsInLog = 0;
		};
/* End PBXShellScriptBuildPhase section */

/* Begin PBXSourcesBuildPhase section */
		3D41F21A24CDA1B0003BEC00 /* Sources */ = {
			isa = PBXSourcesBuildPhase;
			buildActionMask = 2147483647;
			files = (
				3D3EAE6A24D560DF0048E7D2 /* RouterTests.swift in Sources */,
				3D5BA2F324D15258009FC48B /* MockServiceEndpoint.swift in Sources */,
				3D8FEDA924D07432005053E0 /* MockServiceConfigurable.swift in Sources */,
				3D41F22124CDA1B0003BEC00 /* MovieDBTests.swift in Sources */,
				3D8FEDAB24D0752B005053E0 /* MockServiceSession.swift in Sources */,
				3D44290624D4740B0079895A /* ServiceResultTests.swift in Sources */,
				3D5BA2F524D15599009FC48B /* ServiceSessionTests.swift in Sources */,
				3D3EAE6824D55ECD0048E7D2 /* MockAppRouter.swift in Sources */,
				3D3EAE6624D55EC70048E7D2 /* MockRouter.swift in Sources */,
				3D3EAE5924D542CE0048E7D2 /* MockURLSessionDataTask.swift in Sources */,
			);
			runOnlyForDeploymentPostprocessing = 0;
		};
		3D41F22824CDA550003BEC00 /* Sources */ = {
			isa = PBXSourcesBuildPhase;
			buildActionMask = 2147483647;
			files = (
				3D41F22F24CDA550003BEC00 /* MovieDBUITests.swift in Sources */,
			);
			runOnlyForDeploymentPostprocessing = 0;
		};
		5E7CF8C023AB66F4000ACA33 /* Sources */ = {
			isa = PBXSourcesBuildPhase;
			buildActionMask = 2147483647;
			files = (
				3D49FE0D24CEBA5E0039B7F4 /* ServiceRequest.swift in Sources */,
				3D41DD4124D7E723006B8943 /* LaunchScreenViewController.swift in Sources */,
				3D41DD5524D7ED34006B8943 /* LaunchScreenCoordinator.swift in Sources */,
				3D49FE0F24CEBA750039B7F4 /* ServiceResult.swift in Sources */,
				3D49FE1224CEBD6A0039B7F4 /* EncodableExtension.swift in Sources */,
				3D3EAE6024D55B500048E7D2 /* AppRouter.swift in Sources */,
				3D49FE0724CEB76B0039B7F4 /* ServiceConfig.swift in Sources */,
				3D49FE0924CEB8310039B7F4 /* ServiceEndpoint.swift in Sources */,
				3D41DD5824D7ED8D006B8943 /* AppDIContainer.swift in Sources */,
				3D41DD6124D7EFEE006B8943 /* LaunchScreenDIContainer.swift in Sources */,
				3D41DD4B24D7EC30006B8943 /* LaunchScreenViewModelIO.swift in Sources */,
				3D41DD4724D7E7E5006B8943 /* LaunchScreenViewModel.swift in Sources */,
				5E7CF8C823AB66F4000ACA33 /* AppDelegate.swift in Sources */,
				3D41DD4924D7EBE1006B8943 /* ViewExtension.swift in Sources */,
				3D41DD4424D7E7D0006B8943 /* LaunchScreenView.swift in Sources */,
				3D49FE1824CECFDA0039B7F4 /* ResponseDecoder.swift in Sources */,
				3D41DD6324D7F045006B8943 /* AppConfiguration.swift in Sources */,
				3D41DD5D24D7EE14006B8943 /* BaseCoordinator.swift in Sources */,
				3D49FE1424CEBDBD0039B7F4 /* DictionaryExtension.swift in Sources */,
				3D49FE1624CEC6820039B7F4 /* ServiceSession.swift in Sources */,
				3D3EAE6224D55B640048E7D2 /* Router.swift in Sources */,
				3D41DD5A24D7EDE3006B8943 /* AppFlowCoordinator.swift in Sources */,
			);
			runOnlyForDeploymentPostprocessing = 0;
		};
/* End PBXSourcesBuildPhase section */

/* Begin PBXTargetDependency section */
		3D41F22424CDA1B0003BEC00 /* PBXTargetDependency */ = {
			isa = PBXTargetDependency;
			target = 5E7CF8C323AB66F4000ACA33 /* MovieDB */;
			targetProxy = 3D41F22324CDA1B0003BEC00 /* PBXContainerItemProxy */;
		};
		3D41F23224CDA550003BEC00 /* PBXTargetDependency */ = {
			isa = PBXTargetDependency;
			target = 5E7CF8C323AB66F4000ACA33 /* MovieDB */;
			targetProxy = 3D41F23124CDA550003BEC00 /* PBXContainerItemProxy */;
		};
/* End PBXTargetDependency section */

/* Begin PBXVariantGroup section */
		5E7CF8D023AB66F7000ACA33 /* LaunchScreen.storyboard */ = {
			isa = PBXVariantGroup;
			children = (
				5E7CF8D123AB66F7000ACA33 /* Base */,
			);
			name = LaunchScreen.storyboard;
			sourceTree = "<group>";
		};
/* End PBXVariantGroup section */

/* Begin XCBuildConfiguration section */
		3D41F22624CDA1B0003BEC00 /* Debug */ = {
			isa = XCBuildConfiguration;
			baseConfigurationReference = A05CB766AE2E6FE1732D21A4 /* Pods-MovieDBTests.debug.xcconfig */;
			buildSettings = {
				BUNDLE_LOADER = "$(TEST_HOST)";
				CODE_SIGN_STYLE = Automatic;
				DEVELOPMENT_TEAM = BY8P5XC76R;
				INFOPLIST_FILE = MovieDBTests/Info.plist;
				IPHONEOS_DEPLOYMENT_TARGET = 13.5;
				LD_RUNPATH_SEARCH_PATHS = (
					"$(inherited)",
					"@executable_path/Frameworks",
					"@loader_path/Frameworks",
				);
				PRODUCT_BUNDLE_IDENTIFIER = com.william.MovieDBTests;
				PRODUCT_NAME = "$(TARGET_NAME)";
				SWIFT_VERSION = 5.0;
				TARGETED_DEVICE_FAMILY = "1,2";
				TEST_HOST = "$(BUILT_PRODUCTS_DIR)/MovieDB.app/MovieDB";
			};
			name = Debug;
		};
		3D41F22724CDA1B0003BEC00 /* Release */ = {
			isa = XCBuildConfiguration;
			baseConfigurationReference = 00D86834347908AE3BA7769A /* Pods-MovieDBTests.release.xcconfig */;
			buildSettings = {
				BUNDLE_LOADER = "$(TEST_HOST)";
				CODE_SIGN_STYLE = Automatic;
				DEVELOPMENT_TEAM = BY8P5XC76R;
				INFOPLIST_FILE = MovieDBTests/Info.plist;
				IPHONEOS_DEPLOYMENT_TARGET = 13.5;
				LD_RUNPATH_SEARCH_PATHS = (
					"$(inherited)",
					"@executable_path/Frameworks",
					"@loader_path/Frameworks",
				);
				PRODUCT_BUNDLE_IDENTIFIER = com.william.MovieDBTests;
				PRODUCT_NAME = "$(TARGET_NAME)";
				SWIFT_VERSION = 5.0;
				TARGETED_DEVICE_FAMILY = "1,2";
				TEST_HOST = "$(BUILT_PRODUCTS_DIR)/MovieDB.app/MovieDB";
			};
			name = Release;
		};
		3D41F23424CDA550003BEC00 /* Debug */ = {
			isa = XCBuildConfiguration;
			baseConfigurationReference = 649ED3572243D24BE71C700D /* Pods-MovieDBUITests.debug.xcconfig */;
			buildSettings = {
				CODE_SIGN_STYLE = Automatic;
				DEVELOPMENT_TEAM = BY8P5XC76R;
				INFOPLIST_FILE = MovieDBUITests/Info.plist;
				IPHONEOS_DEPLOYMENT_TARGET = 13.5;
				LD_RUNPATH_SEARCH_PATHS = (
					"$(inherited)",
					"@executable_path/Frameworks",
					"@loader_path/Frameworks",
				);
				PRODUCT_BUNDLE_IDENTIFIER = com.william.MovieDBUITests;
				PRODUCT_NAME = "$(TARGET_NAME)";
				SWIFT_VERSION = 5.0;
				TARGETED_DEVICE_FAMILY = "1,2";
				TEST_TARGET_NAME = MovieDB;
			};
			name = Debug;
		};
		3D41F23524CDA550003BEC00 /* Release */ = {
			isa = XCBuildConfiguration;
			baseConfigurationReference = 127CD22B6C27BBAE848E874F /* Pods-MovieDBUITests.release.xcconfig */;
			buildSettings = {
				CODE_SIGN_STYLE = Automatic;
				DEVELOPMENT_TEAM = BY8P5XC76R;
				INFOPLIST_FILE = MovieDBUITests/Info.plist;
				IPHONEOS_DEPLOYMENT_TARGET = 13.5;
				LD_RUNPATH_SEARCH_PATHS = (
					"$(inherited)",
					"@executable_path/Frameworks",
					"@loader_path/Frameworks",
				);
				PRODUCT_BUNDLE_IDENTIFIER = com.william.MovieDBUITests;
				PRODUCT_NAME = "$(TARGET_NAME)";
				SWIFT_VERSION = 5.0;
				TARGETED_DEVICE_FAMILY = "1,2";
				TEST_TARGET_NAME = MovieDB;
			};
			name = Release;
		};
		5E7CF8DF23AB66F8000ACA33 /* Debug */ = {
			isa = XCBuildConfiguration;
			buildSettings = {
				ALWAYS_SEARCH_USER_PATHS = NO;
				CLANG_ANALYZER_NONNULL = YES;
				CLANG_ANALYZER_NUMBER_OBJECT_CONVERSION = YES_AGGRESSIVE;
				CLANG_CXX_LANGUAGE_STANDARD = "gnu++14";
				CLANG_CXX_LIBRARY = "libc++";
				CLANG_ENABLE_MODULES = YES;
				CLANG_ENABLE_OBJC_ARC = YES;
				CLANG_ENABLE_OBJC_WEAK = YES;
				CLANG_WARN_BLOCK_CAPTURE_AUTORELEASING = YES;
				CLANG_WARN_BOOL_CONVERSION = YES;
				CLANG_WARN_COMMA = YES;
				CLANG_WARN_CONSTANT_CONVERSION = YES;
				CLANG_WARN_DEPRECATED_OBJC_IMPLEMENTATIONS = YES;
				CLANG_WARN_DIRECT_OBJC_ISA_USAGE = YES_ERROR;
				CLANG_WARN_DOCUMENTATION_COMMENTS = YES;
				CLANG_WARN_EMPTY_BODY = YES;
				CLANG_WARN_ENUM_CONVERSION = YES;
				CLANG_WARN_INFINITE_RECURSION = YES;
				CLANG_WARN_INT_CONVERSION = YES;
				CLANG_WARN_NON_LITERAL_NULL_CONVERSION = YES;
				CLANG_WARN_OBJC_IMPLICIT_RETAIN_SELF = YES;
				CLANG_WARN_OBJC_LITERAL_CONVERSION = YES;
				CLANG_WARN_OBJC_ROOT_CLASS = YES_ERROR;
				CLANG_WARN_RANGE_LOOP_ANALYSIS = YES;
				CLANG_WARN_STRICT_PROTOTYPES = YES;
				CLANG_WARN_SUSPICIOUS_MOVE = YES;
				CLANG_WARN_UNGUARDED_AVAILABILITY = YES_AGGRESSIVE;
				CLANG_WARN_UNREACHABLE_CODE = YES;
				CLANG_WARN__DUPLICATE_METHOD_MATCH = YES;
				CODE_SIGN_IDENTITY = "iPhone Developer";
				COPY_PHASE_STRIP = NO;
				DEBUG_INFORMATION_FORMAT = dwarf;
				ENABLE_STRICT_OBJC_MSGSEND = YES;
				ENABLE_TESTABILITY = YES;
				GCC_C_LANGUAGE_STANDARD = gnu11;
				GCC_DYNAMIC_NO_PIC = NO;
				GCC_NO_COMMON_BLOCKS = YES;
				GCC_OPTIMIZATION_LEVEL = 0;
				GCC_PREPROCESSOR_DEFINITIONS = (
					"DEBUG=1",
					"$(inherited)",
				);
				GCC_WARN_64_TO_32_BIT_CONVERSION = YES;
				GCC_WARN_ABOUT_RETURN_TYPE = YES_ERROR;
				GCC_WARN_UNDECLARED_SELECTOR = YES;
				GCC_WARN_UNINITIALIZED_AUTOS = YES_AGGRESSIVE;
				GCC_WARN_UNUSED_FUNCTION = YES;
				GCC_WARN_UNUSED_VARIABLE = YES;
				IPHONEOS_DEPLOYMENT_TARGET = 12.0;
				MTL_ENABLE_DEBUG_INFO = INCLUDE_SOURCE;
				MTL_FAST_MATH = YES;
				ONLY_ACTIVE_ARCH = YES;
				SDKROOT = iphoneos;
				SWIFT_ACTIVE_COMPILATION_CONDITIONS = DEBUG;
				SWIFT_OPTIMIZATION_LEVEL = "-Onone";
			};
			name = Debug;
		};
		5E7CF8E023AB66F8000ACA33 /* Release */ = {
			isa = XCBuildConfiguration;
			buildSettings = {
				ALWAYS_SEARCH_USER_PATHS = NO;
				CLANG_ANALYZER_NONNULL = YES;
				CLANG_ANALYZER_NUMBER_OBJECT_CONVERSION = YES_AGGRESSIVE;
				CLANG_CXX_LANGUAGE_STANDARD = "gnu++14";
				CLANG_CXX_LIBRARY = "libc++";
				CLANG_ENABLE_MODULES = YES;
				CLANG_ENABLE_OBJC_ARC = YES;
				CLANG_ENABLE_OBJC_WEAK = YES;
				CLANG_WARN_BLOCK_CAPTURE_AUTORELEASING = YES;
				CLANG_WARN_BOOL_CONVERSION = YES;
				CLANG_WARN_COMMA = YES;
				CLANG_WARN_CONSTANT_CONVERSION = YES;
				CLANG_WARN_DEPRECATED_OBJC_IMPLEMENTATIONS = YES;
				CLANG_WARN_DIRECT_OBJC_ISA_USAGE = YES_ERROR;
				CLANG_WARN_DOCUMENTATION_COMMENTS = YES;
				CLANG_WARN_EMPTY_BODY = YES;
				CLANG_WARN_ENUM_CONVERSION = YES;
				CLANG_WARN_INFINITE_RECURSION = YES;
				CLANG_WARN_INT_CONVERSION = YES;
				CLANG_WARN_NON_LITERAL_NULL_CONVERSION = YES;
				CLANG_WARN_OBJC_IMPLICIT_RETAIN_SELF = YES;
				CLANG_WARN_OBJC_LITERAL_CONVERSION = YES;
				CLANG_WARN_OBJC_ROOT_CLASS = YES_ERROR;
				CLANG_WARN_RANGE_LOOP_ANALYSIS = YES;
				CLANG_WARN_STRICT_PROTOTYPES = YES;
				CLANG_WARN_SUSPICIOUS_MOVE = YES;
				CLANG_WARN_UNGUARDED_AVAILABILITY = YES_AGGRESSIVE;
				CLANG_WARN_UNREACHABLE_CODE = YES;
				CLANG_WARN__DUPLICATE_METHOD_MATCH = YES;
				CODE_SIGN_IDENTITY = "iPhone Developer";
				COPY_PHASE_STRIP = NO;
				DEBUG_INFORMATION_FORMAT = "dwarf-with-dsym";
				ENABLE_NS_ASSERTIONS = NO;
				ENABLE_STRICT_OBJC_MSGSEND = YES;
				GCC_C_LANGUAGE_STANDARD = gnu11;
				GCC_NO_COMMON_BLOCKS = YES;
				GCC_WARN_64_TO_32_BIT_CONVERSION = YES;
				GCC_WARN_ABOUT_RETURN_TYPE = YES_ERROR;
				GCC_WARN_UNDECLARED_SELECTOR = YES;
				GCC_WARN_UNINITIALIZED_AUTOS = YES_AGGRESSIVE;
				GCC_WARN_UNUSED_FUNCTION = YES;
				GCC_WARN_UNUSED_VARIABLE = YES;
				IPHONEOS_DEPLOYMENT_TARGET = 12.0;
				MTL_ENABLE_DEBUG_INFO = NO;
				MTL_FAST_MATH = YES;
				SDKROOT = iphoneos;
				SWIFT_COMPILATION_MODE = wholemodule;
				SWIFT_OPTIMIZATION_LEVEL = "-O";
				VALIDATE_PRODUCT = YES;
			};
			name = Release;
		};
		5E7CF8E223AB66F8000ACA33 /* Debug */ = {
			isa = XCBuildConfiguration;
			baseConfigurationReference = ED033EA145BE0CE058B8CF55 /* Pods-MovieDB.debug.xcconfig */;
			buildSettings = {
				API_BASE_URL = "https://api.themoviedb.org";
				API_KEY = 0340dd96e32f995c600b8deb3dffbfb4;
				ASSETCATALOG_COMPILER_APPICON_NAME = AppIcon;
				CODE_SIGN_STYLE = Automatic;
				DEVELOPMENT_TEAM = BY8P5XC76R;
				IMAGE_BASE_URL = "https://image.tmdb.org";
				INFOPLIST_FILE = MovieDB/Info.plist;
				IPHONEOS_DEPLOYMENT_TARGET = 12.0;
				LD_RUNPATH_SEARCH_PATHS = (
					"$(inherited)",
					"@executable_path/Frameworks",
				);
				PRODUCT_BUNDLE_IDENTIFIER = william.sample.MovieDB;
				PRODUCT_NAME = "$(TARGET_NAME)";
				SWIFT_VERSION = 5.0;
				TARGETED_DEVICE_FAMILY = "1,2";
			};
			name = Debug;
		};
		5E7CF8E323AB66F8000ACA33 /* Release */ = {
			isa = XCBuildConfiguration;
			baseConfigurationReference = 9B9752A58FED0B40FACCFF3B /* Pods-MovieDB.release.xcconfig */;
			buildSettings = {
				API_BASE_URL = "https://api.themoviedb.org";
				API_KEY = 0340dd96e32f995c600b8deb3dffbfb4;
				ASSETCATALOG_COMPILER_APPICON_NAME = AppIcon;
				CODE_SIGN_STYLE = Automatic;
				DEVELOPMENT_TEAM = BY8P5XC76R;
				IMAGE_BASE_URL = "https://image.tmdb.org";
				INFOPLIST_FILE = MovieDB/Info.plist;
				IPHONEOS_DEPLOYMENT_TARGET = 12.0;
				LD_RUNPATH_SEARCH_PATHS = (
					"$(inherited)",
					"@executable_path/Frameworks",
				);
				PRODUCT_BUNDLE_IDENTIFIER = william.sample.MovieDB;
				PRODUCT_NAME = "$(TARGET_NAME)";
				SWIFT_VERSION = 5.0;
				TARGETED_DEVICE_FAMILY = "1,2";
			};
			name = Release;
		};
/* End XCBuildConfiguration section */

/* Begin XCConfigurationList section */
		3D41F22524CDA1B0003BEC00 /* Build configuration list for PBXNativeTarget "MovieDBTests" */ = {
			isa = XCConfigurationList;
			buildConfigurations = (
				3D41F22624CDA1B0003BEC00 /* Debug */,
				3D41F22724CDA1B0003BEC00 /* Release */,
			);
			defaultConfigurationIsVisible = 0;
			defaultConfigurationName = Release;
		};
		3D41F23324CDA550003BEC00 /* Build configuration list for PBXNativeTarget "MovieDBUITests" */ = {
			isa = XCConfigurationList;
			buildConfigurations = (
				3D41F23424CDA550003BEC00 /* Debug */,
				3D41F23524CDA550003BEC00 /* Release */,
			);
			defaultConfigurationIsVisible = 0;
			defaultConfigurationName = Release;
		};
		5E7CF8BF23AB66F4000ACA33 /* Build configuration list for PBXProject "MovieDB" */ = {
			isa = XCConfigurationList;
			buildConfigurations = (
				5E7CF8DF23AB66F8000ACA33 /* Debug */,
				5E7CF8E023AB66F8000ACA33 /* Release */,
			);
			defaultConfigurationIsVisible = 0;
			defaultConfigurationName = Release;
		};
		5E7CF8E123AB66F8000ACA33 /* Build configuration list for PBXNativeTarget "MovieDB" */ = {
			isa = XCConfigurationList;
			buildConfigurations = (
				5E7CF8E223AB66F8000ACA33 /* Debug */,
				5E7CF8E323AB66F8000ACA33 /* Release */,
			);
			defaultConfigurationIsVisible = 0;
			defaultConfigurationName = Release;
		};
/* End XCConfigurationList section */
	};
	rootObject = 5E7CF8BC23AB66F4000ACA33 /* Project object */;
}
