// !$*UTF8*$!
{
	archiveVersion = 1;
	classes = {
	};
	objectVersion = 50;
	objects = {

/* Begin PBXBuildFile section */
		4270E02C561E77409A85FA94 /* Pods_MovieDBTests.framework in Frameworks */ = {isa = PBXBuildFile; fileRef = 3CA32648DC3F860A69636A6F /* Pods_MovieDBTests.framework */; };
		5E7CF8C823AB66F4000ACA33 /* AppDelegate.swift in Sources */ = {isa = PBXBuildFile; fileRef = 5E7CF8C723AB66F4000ACA33 /* AppDelegate.swift */; };
		5E7CF8CF23AB66F7000ACA33 /* Assets.xcassets in Resources */ = {isa = PBXBuildFile; fileRef = 5E7CF8CE23AB66F7000ACA33 /* Assets.xcassets */; };
		5E7CF8D223AB66F7000ACA33 /* LaunchScreen.storyboard in Resources */ = {isa = PBXBuildFile; fileRef = 5E7CF8D023AB66F7000ACA33 /* LaunchScreen.storyboard */; };
		5E7CF8DD23AB66F8000ACA33 /* MovieDBTests.swift in Sources */ = {isa = PBXBuildFile; fileRef = 5E7CF8DC23AB66F8000ACA33 /* MovieDBTests.swift */; };
		5EFE209A23AB6A6800FD199F /* MovieListViewController.swift in Sources */ = {isa = PBXBuildFile; fileRef = 5EFE209823AB6A6800FD199F /* MovieListViewController.swift */; };
		5EFE209B23AB6A6800FD199F /* MovieListViewController.xib in Resources */ = {isa = PBXBuildFile; fileRef = 5EFE209923AB6A6800FD199F /* MovieListViewController.xib */; };
		6DB600C18069EA9FDCE8A3F8 /* Pods_MovieDB.framework in Frameworks */ = {isa = PBXBuildFile; fileRef = 85F6077B015340764FE5D717 /* Pods_MovieDB.framework */; };
/* End PBXBuildFile section */

/* Begin PBXContainerItemProxy section */
		5E7CF8D923AB66F8000ACA33 /* PBXContainerItemProxy */ = {
			isa = PBXContainerItemProxy;
			containerPortal = 5E7CF8BC23AB66F4000ACA33 /* Project object */;
			proxyType = 1;
			remoteGlobalIDString = 5E7CF8C323AB66F4000ACA33;
			remoteInfo = MovieDB;
		};
/* End PBXContainerItemProxy section */

/* Begin PBXFileReference section */
		02D4F2183EDA9965251A5127 /* Pods-MovieDBTests.debug.xcconfig */ = {isa = PBXFileReference; includeInIndex = 1; lastKnownFileType = text.xcconfig; name = "Pods-MovieDBTests.debug.xcconfig"; path = "Target Support Files/Pods-MovieDBTests/Pods-MovieDBTests.debug.xcconfig"; sourceTree = "<group>"; };
		0838D516A3E4AFF0DFB6F6E3 /* Pods-MovieDB.release.xcconfig */ = {isa = PBXFileReference; includeInIndex = 1; lastKnownFileType = text.xcconfig; name = "Pods-MovieDB.release.xcconfig"; path = "Target Support Files/Pods-MovieDB/Pods-MovieDB.release.xcconfig"; sourceTree = "<group>"; };
		0EC8F3EFBBC972AEEDC223D0 /* Pods-MovieDB.debug.xcconfig */ = {isa = PBXFileReference; includeInIndex = 1; lastKnownFileType = text.xcconfig; name = "Pods-MovieDB.debug.xcconfig"; path = "Target Support Files/Pods-MovieDB/Pods-MovieDB.debug.xcconfig"; sourceTree = "<group>"; };
		3CA32648DC3F860A69636A6F /* Pods_MovieDBTests.framework */ = {isa = PBXFileReference; explicitFileType = wrapper.framework; includeInIndex = 0; path = Pods_MovieDBTests.framework; sourceTree = BUILT_PRODUCTS_DIR; };
		59A718A9565EE0697C523A10 /* Pods-MovieDBTests.release.xcconfig */ = {isa = PBXFileReference; includeInIndex = 1; lastKnownFileType = text.xcconfig; name = "Pods-MovieDBTests.release.xcconfig"; path = "Target Support Files/Pods-MovieDBTests/Pods-MovieDBTests.release.xcconfig"; sourceTree = "<group>"; };
		5E7CF8C423AB66F4000ACA33 /* MovieDB.app */ = {isa = PBXFileReference; explicitFileType = wrapper.application; includeInIndex = 0; path = MovieDB.app; sourceTree = BUILT_PRODUCTS_DIR; };
		5E7CF8C723AB66F4000ACA33 /* AppDelegate.swift */ = {isa = PBXFileReference; lastKnownFileType = sourcecode.swift; path = AppDelegate.swift; sourceTree = "<group>"; };
		5E7CF8CE23AB66F7000ACA33 /* Assets.xcassets */ = {isa = PBXFileReference; lastKnownFileType = folder.assetcatalog; path = Assets.xcassets; sourceTree = "<group>"; };
		5E7CF8D123AB66F7000ACA33 /* Base */ = {isa = PBXFileReference; lastKnownFileType = file.storyboard; name = Base; path = Base.lproj/LaunchScreen.storyboard; sourceTree = "<group>"; };
		5E7CF8D323AB66F7000ACA33 /* Info.plist */ = {isa = PBXFileReference; lastKnownFileType = text.plist.xml; path = Info.plist; sourceTree = "<group>"; };
		5E7CF8D823AB66F8000ACA33 /* MovieDBTests.xctest */ = {isa = PBXFileReference; explicitFileType = wrapper.cfbundle; includeInIndex = 0; path = MovieDBTests.xctest; sourceTree = BUILT_PRODUCTS_DIR; };
		5E7CF8DC23AB66F8000ACA33 /* MovieDBTests.swift */ = {isa = PBXFileReference; lastKnownFileType = sourcecode.swift; path = MovieDBTests.swift; sourceTree = "<group>"; };
		5E7CF8DE23AB66F8000ACA33 /* Info.plist */ = {isa = PBXFileReference; lastKnownFileType = text.plist.xml; path = Info.plist; sourceTree = "<group>"; };
		5EFE209823AB6A6800FD199F /* MovieListViewController.swift */ = {isa = PBXFileReference; lastKnownFileType = sourcecode.swift; path = MovieListViewController.swift; sourceTree = "<group>"; };
		5EFE209923AB6A6800FD199F /* MovieListViewController.xib */ = {isa = PBXFileReference; lastKnownFileType = file.xib; path = MovieListViewController.xib; sourceTree = "<group>"; };
		85F6077B015340764FE5D717 /* Pods_MovieDB.framework */ = {isa = PBXFileReference; explicitFileType = wrapper.framework; includeInIndex = 0; path = Pods_MovieDB.framework; sourceTree = BUILT_PRODUCTS_DIR; };
/* End PBXFileReference section */

/* Begin PBXFrameworksBuildPhase section */
		5E7CF8C123AB66F4000ACA33 /* Frameworks */ = {
			isa = PBXFrameworksBuildPhase;
			buildActionMask = 2147483647;
			files = (
				6DB600C18069EA9FDCE8A3F8 /* Pods_MovieDB.framework in Frameworks */,
			);
			runOnlyForDeploymentPostprocessing = 0;
		};
		5E7CF8D523AB66F8000ACA33 /* Frameworks */ = {
			isa = PBXFrameworksBuildPhase;
			buildActionMask = 2147483647;
			files = (
				4270E02C561E77409A85FA94 /* Pods_MovieDBTests.framework in Frameworks */,
			);
			runOnlyForDeploymentPostprocessing = 0;
		};
/* End PBXFrameworksBuildPhase section */

/* Begin PBXGroup section */
		5E7CF8BB23AB66F4000ACA33 = {
			isa = PBXGroup;
			children = (
				5E7CF8C623AB66F4000ACA33 /* MovieDB */,
				5E7CF8DB23AB66F8000ACA33 /* MovieDBTests */,
				5E7CF8C523AB66F4000ACA33 /* Products */,
				88E69DEB68ECA2339C8B6CB0 /* Pods */,
				728BF6F2D2712409ABEA29EC /* Frameworks */,
			);
			sourceTree = "<group>";
		};
		5E7CF8C523AB66F4000ACA33 /* Products */ = {
			isa = PBXGroup;
			children = (
				5E7CF8C423AB66F4000ACA33 /* MovieDB.app */,
				5E7CF8D823AB66F8000ACA33 /* MovieDBTests.xctest */,
			);
			name = Products;
			sourceTree = "<group>";
		};
		5E7CF8C623AB66F4000ACA33 /* MovieDB */ = {
			isa = PBXGroup;
			children = (
				5EFE208F23AB695400FD199F /* Application */,
				5EFE209C23AB6AA400FD199F /* DI */,
				5EFE209123AB698500FD199F /* Domain */,
				5EFE209323AB699C00FD199F /* Data */,
				5EFE209223AB698A00FD199F /* Presentation */,
				5EFE209023AB697200FD199F /* Resources */,
			);
			path = MovieDB;
			sourceTree = "<group>";
		};
		5E7CF8DB23AB66F8000ACA33 /* MovieDBTests */ = {
			isa = PBXGroup;
			children = (
				5E7CF8DC23AB66F8000ACA33 /* MovieDBTests.swift */,
				5E7CF8DE23AB66F8000ACA33 /* Info.plist */,
			);
			path = MovieDBTests;
			sourceTree = "<group>";
		};
		5EFE208F23AB695400FD199F /* Application */ = {
			isa = PBXGroup;
			children = (
				5E7CF8C723AB66F4000ACA33 /* AppDelegate.swift */,
			);
			path = Application;
			sourceTree = "<group>";
		};
		5EFE209023AB697200FD199F /* Resources */ = {
			isa = PBXGroup;
			children = (
				5E7CF8CE23AB66F7000ACA33 /* Assets.xcassets */,
				5E7CF8D023AB66F7000ACA33 /* LaunchScreen.storyboard */,
				5E7CF8D323AB66F7000ACA33 /* Info.plist */,
			);
			name = Resources;
			sourceTree = "<group>";
		};
		5EFE209123AB698500FD199F /* Domain */ = {
			isa = PBXGroup;
			children = (
			);
			path = Domain;
			sourceTree = "<group>";
		};
		5EFE209223AB698A00FD199F /* Presentation */ = {
			isa = PBXGroup;
			children = (
				5EFE209523AB6A3500FD199F /* MovieList */,
			);
			path = Presentation;
			sourceTree = "<group>";
		};
		5EFE209323AB699C00FD199F /* Data */ = {
			isa = PBXGroup;
			children = (
			);
			path = Data;
			sourceTree = "<group>";
		};
		5EFE209523AB6A3500FD199F /* MovieList */ = {
			isa = PBXGroup;
			children = (
				5EFE209623AB6A5400FD199F /* ViewModel */,
				5EFE209723AB6A5800FD199F /* View */,
			);
			path = MovieList;
			sourceTree = "<group>";
		};
		5EFE209623AB6A5400FD199F /* ViewModel */ = {
			isa = PBXGroup;
			children = (
			);
			path = ViewModel;
			sourceTree = "<group>";
		};
		5EFE209723AB6A5800FD199F /* View */ = {
			isa = PBXGroup;
			children = (
				5EFE209823AB6A6800FD199F /* MovieListViewController.swift */,
				5EFE209923AB6A6800FD199F /* MovieListViewController.xib */,
			);
			path = View;
			sourceTree = "<group>";
		};
		5EFE209C23AB6AA400FD199F /* DI */ = {
			isa = PBXGroup;
			children = (
			);
			path = DI;
			sourceTree = "<group>";
		};
		728BF6F2D2712409ABEA29EC /* Frameworks */ = {
			isa = PBXGroup;
			children = (
				85F6077B015340764FE5D717 /* Pods_MovieDB.framework */,
				3CA32648DC3F860A69636A6F /* Pods_MovieDBTests.framework */,
			);
			name = Frameworks;
			sourceTree = "<group>";
		};
		88E69DEB68ECA2339C8B6CB0 /* Pods */ = {
			isa = PBXGroup;
			children = (
				0EC8F3EFBBC972AEEDC223D0 /* Pods-MovieDB.debug.xcconfig */,
				0838D516A3E4AFF0DFB6F6E3 /* Pods-MovieDB.release.xcconfig */,
				02D4F2183EDA9965251A5127 /* Pods-MovieDBTests.debug.xcconfig */,
				59A718A9565EE0697C523A10 /* Pods-MovieDBTests.release.xcconfig */,
			);
			name = Pods;
			path = Pods;
			sourceTree = "<group>";
		};
/* End PBXGroup section */

/* Begin PBXNativeTarget section */
		5E7CF8C323AB66F4000ACA33 /* MovieDB */ = {
			isa = PBXNativeTarget;
			buildConfigurationList = 5E7CF8E123AB66F8000ACA33 /* Build configuration list for PBXNativeTarget "MovieDB" */;
			buildPhases = (
				4D0DE3C91116EFEDFFFD316A /* [CP] Check Pods Manifest.lock */,
				5E7CF8C023AB66F4000ACA33 /* Sources */,
				5E7CF8C123AB66F4000ACA33 /* Frameworks */,
				5E7CF8C223AB66F4000ACA33 /* Resources */,
				794F0E05F0040A959BA08EFA /* [CP] Embed Pods Frameworks */,
			);
			buildRules = (
			);
			dependencies = (
			);
			name = MovieDB;
			productName = MovieDB;
			productReference = 5E7CF8C423AB66F4000ACA33 /* MovieDB.app */;
			productType = "com.apple.product-type.application";
		};
		5E7CF8D723AB66F8000ACA33 /* MovieDBTests */ = {
			isa = PBXNativeTarget;
			buildConfigurationList = 5E7CF8E423AB66F8000ACA33 /* Build configuration list for PBXNativeTarget "MovieDBTests" */;
			buildPhases = (
				5C07E82D8E72C5A06FAFADBD /* [CP] Check Pods Manifest.lock */,
				5E7CF8D423AB66F8000ACA33 /* Sources */,
				5E7CF8D523AB66F8000ACA33 /* Frameworks */,
				5E7CF8D623AB66F8000ACA33 /* Resources */,
				35240D40EF338AFEE14FBFCF /* [CP] Embed Pods Frameworks */,
			);
			buildRules = (
			);
			dependencies = (
				5E7CF8DA23AB66F8000ACA33 /* PBXTargetDependency */,
			);
			name = MovieDBTests;
			productName = MovieDBTests;
			productReference = 5E7CF8D823AB66F8000ACA33 /* MovieDBTests.xctest */;
			productType = "com.apple.product-type.bundle.unit-test";
		};
/* End PBXNativeTarget section */

/* Begin PBXProject section */
		5E7CF8BC23AB66F4000ACA33 /* Project object */ = {
			isa = PBXProject;
			attributes = {
				LastSwiftUpdateCheck = 1030;
				LastUpgradeCheck = 1030;
				ORGANIZATIONNAME = William;
				TargetAttributes = {
					5E7CF8C323AB66F4000ACA33 = {
						CreatedOnToolsVersion = 10.3;
					};
					5E7CF8D723AB66F8000ACA33 = {
						CreatedOnToolsVersion = 10.3;
						TestTargetID = 5E7CF8C323AB66F4000ACA33;
					};
				};
			};
			buildConfigurationList = 5E7CF8BF23AB66F4000ACA33 /* Build configuration list for PBXProject "MovieDB" */;
			compatibilityVersion = "Xcode 9.3";
			developmentRegion = en;
			hasScannedForEncodings = 0;
			knownRegions = (
				en,
				Base,
			);
			mainGroup = 5E7CF8BB23AB66F4000ACA33;
			productRefGroup = 5E7CF8C523AB66F4000ACA33 /* Products */;
			projectDirPath = "";
			projectRoot = "";
			targets = (
				5E7CF8C323AB66F4000ACA33 /* MovieDB */,
				5E7CF8D723AB66F8000ACA33 /* MovieDBTests */,
			);
		};
/* End PBXProject section */

/* Begin PBXResourcesBuildPhase section */
		5E7CF8C223AB66F4000ACA33 /* Resources */ = {
			isa = PBXResourcesBuildPhase;
			buildActionMask = 2147483647;
			files = (
				5EFE209B23AB6A6800FD199F /* MovieListViewController.xib in Resources */,
				5E7CF8D223AB66F7000ACA33 /* LaunchScreen.storyboard in Resources */,
				5E7CF8CF23AB66F7000ACA33 /* Assets.xcassets in Resources */,
			);
			runOnlyForDeploymentPostprocessing = 0;
		};
		5E7CF8D623AB66F8000ACA33 /* Resources */ = {
			isa = PBXResourcesBuildPhase;
			buildActionMask = 2147483647;
			files = (
			);
			runOnlyForDeploymentPostprocessing = 0;
		};
/* End PBXResourcesBuildPhase section */

/* Begin PBXShellScriptBuildPhase section */
		35240D40EF338AFEE14FBFCF /* [CP] Embed Pods Frameworks */ = {
			isa = PBXShellScriptBuildPhase;
			buildActionMask = 2147483647;
			files = (
			);
			inputFileListPaths = (
				"${PODS_ROOT}/Target Support Files/Pods-MovieDBTests/Pods-MovieDBTests-frameworks-${CONFIGURATION}-input-files.xcfilelist",
			);
			name = "[CP] Embed Pods Frameworks";
			outputFileListPaths = (
				"${PODS_ROOT}/Target Support Files/Pods-MovieDBTests/Pods-MovieDBTests-frameworks-${CONFIGURATION}-output-files.xcfilelist",
			);
			runOnlyForDeploymentPostprocessing = 0;
			shellPath = /bin/sh;
			shellScript = "\"${PODS_ROOT}/Target Support Files/Pods-MovieDBTests/Pods-MovieDBTests-frameworks.sh\"\n";
			showEnvVarsInLog = 0;
		};
		4D0DE3C91116EFEDFFFD316A /* [CP] Check Pods Manifest.lock */ = {
			isa = PBXShellScriptBuildPhase;
			buildActionMask = 2147483647;
			files = (
			);
			inputFileListPaths = (
			);
			inputPaths = (
				"${PODS_PODFILE_DIR_PATH}/Podfile.lock",
				"${PODS_ROOT}/Manifest.lock",
			);
			name = "[CP] Check Pods Manifest.lock";
			outputFileListPaths = (
			);
			outputPaths = (
				"$(DERIVED_FILE_DIR)/Pods-MovieDB-checkManifestLockResult.txt",
			);
			runOnlyForDeploymentPostprocessing = 0;
			shellPath = /bin/sh;
			shellScript = "diff \"${PODS_PODFILE_DIR_PATH}/Podfile.lock\" \"${PODS_ROOT}/Manifest.lock\" > /dev/null\nif [ $? != 0 ] ; then\n    # print error to STDERR\n    echo \"error: The sandbox is not in sync with the Podfile.lock. Run 'pod install' or update your CocoaPods installation.\" >&2\n    exit 1\nfi\n# This output is used by Xcode 'outputs' to avoid re-running this script phase.\necho \"SUCCESS\" > \"${SCRIPT_OUTPUT_FILE_0}\"\n";
			showEnvVarsInLog = 0;
		};
		5C07E82D8E72C5A06FAFADBD /* [CP] Check Pods Manifest.lock */ = {
			isa = PBXShellScriptBuildPhase;
			buildActionMask = 2147483647;
			files = (
			);
			inputFileListPaths = (
			);
			inputPaths = (
				"${PODS_PODFILE_DIR_PATH}/Podfile.lock",
				"${PODS_ROOT}/Manifest.lock",
			);
			name = "[CP] Check Pods Manifest.lock";
			outputFileListPaths = (
			);
			outputPaths = (
				"$(DERIVED_FILE_DIR)/Pods-MovieDBTests-checkManifestLockResult.txt",
			);
			runOnlyForDeploymentPostprocessing = 0;
			shellPath = /bin/sh;
			shellScript = "diff \"${PODS_PODFILE_DIR_PATH}/Podfile.lock\" \"${PODS_ROOT}/Manifest.lock\" > /dev/null\nif [ $? != 0 ] ; then\n    # print error to STDERR\n    echo \"error: The sandbox is not in sync with the Podfile.lock. Run 'pod install' or update your CocoaPods installation.\" >&2\n    exit 1\nfi\n# This output is used by Xcode 'outputs' to avoid re-running this script phase.\necho \"SUCCESS\" > \"${SCRIPT_OUTPUT_FILE_0}\"\n";
			showEnvVarsInLog = 0;
		};
		794F0E05F0040A959BA08EFA /* [CP] Embed Pods Frameworks */ = {
			isa = PBXShellScriptBuildPhase;
			buildActionMask = 2147483647;
			files = (
			);
			inputFileListPaths = (
				"${PODS_ROOT}/Target Support Files/Pods-MovieDB/Pods-MovieDB-frameworks-${CONFIGURATION}-input-files.xcfilelist",
			);
			name = "[CP] Embed Pods Frameworks";
			outputFileListPaths = (
				"${PODS_ROOT}/Target Support Files/Pods-MovieDB/Pods-MovieDB-frameworks-${CONFIGURATION}-output-files.xcfilelist",
			);
			runOnlyForDeploymentPostprocessing = 0;
			shellPath = /bin/sh;
			shellScript = "\"${PODS_ROOT}/Target Support Files/Pods-MovieDB/Pods-MovieDB-frameworks.sh\"\n";
			showEnvVarsInLog = 0;
		};
/* End PBXShellScriptBuildPhase section */

/* Begin PBXSourcesBuildPhase section */
		5E7CF8C023AB66F4000ACA33 /* Sources */ = {
			isa = PBXSourcesBuildPhase;
			buildActionMask = 2147483647;
			files = (
				5E7CF8C823AB66F4000ACA33 /* AppDelegate.swift in Sources */,
				5EFE209A23AB6A6800FD199F /* MovieListViewController.swift in Sources */,
			);
			runOnlyForDeploymentPostprocessing = 0;
		};
		5E7CF8D423AB66F8000ACA33 /* Sources */ = {
			isa = PBXSourcesBuildPhase;
			buildActionMask = 2147483647;
			files = (
				5E7CF8DD23AB66F8000ACA33 /* MovieDBTests.swift in Sources */,
			);
			runOnlyForDeploymentPostprocessing = 0;
		};
/* End PBXSourcesBuildPhase section */

/* Begin PBXTargetDependency section */
		5E7CF8DA23AB66F8000ACA33 /* PBXTargetDependency */ = {
			isa = PBXTargetDependency;
			target = 5E7CF8C323AB66F4000ACA33 /* MovieDB */;
			targetProxy = 5E7CF8D923AB66F8000ACA33 /* PBXContainerItemProxy */;
		};
/* End PBXTargetDependency section */

/* Begin PBXVariantGroup section */
		5E7CF8D023AB66F7000ACA33 /* LaunchScreen.storyboard */ = {
			isa = PBXVariantGroup;
			children = (
				5E7CF8D123AB66F7000ACA33 /* Base */,
			);
			name = LaunchScreen.storyboard;
			sourceTree = "<group>";
		};
/* End PBXVariantGroup section */

/* Begin XCBuildConfiguration section */
		5E7CF8DF23AB66F8000ACA33 /* Debug */ = {
			isa = XCBuildConfiguration;
			buildSettings = {
				ALWAYS_SEARCH_USER_PATHS = NO;
				CLANG_ANALYZER_NONNULL = YES;
				CLANG_ANALYZER_NUMBER_OBJECT_CONVERSION = YES_AGGRESSIVE;
				CLANG_CXX_LANGUAGE_STANDARD = "gnu++14";
				CLANG_CXX_LIBRARY = "libc++";
				CLANG_ENABLE_MODULES = YES;
				CLANG_ENABLE_OBJC_ARC = YES;
				CLANG_ENABLE_OBJC_WEAK = YES;
				CLANG_WARN_BLOCK_CAPTURE_AUTORELEASING = YES;
				CLANG_WARN_BOOL_CONVERSION = YES;
				CLANG_WARN_COMMA = YES;
				CLANG_WARN_CONSTANT_CONVERSION = YES;
				CLANG_WARN_DEPRECATED_OBJC_IMPLEMENTATIONS = YES;
				CLANG_WARN_DIRECT_OBJC_ISA_USAGE = YES_ERROR;
				CLANG_WARN_DOCUMENTATION_COMMENTS = YES;
				CLANG_WARN_EMPTY_BODY = YES;
				CLANG_WARN_ENUM_CONVERSION = YES;
				CLANG_WARN_INFINITE_RECURSION = YES;
				CLANG_WARN_INT_CONVERSION = YES;
				CLANG_WARN_NON_LITERAL_NULL_CONVERSION = YES;
				CLANG_WARN_OBJC_IMPLICIT_RETAIN_SELF = YES;
				CLANG_WARN_OBJC_LITERAL_CONVERSION = YES;
				CLANG_WARN_OBJC_ROOT_CLASS = YES_ERROR;
				CLANG_WARN_RANGE_LOOP_ANALYSIS = YES;
				CLANG_WARN_STRICT_PROTOTYPES = YES;
				CLANG_WARN_SUSPICIOUS_MOVE = YES;
				CLANG_WARN_UNGUARDED_AVAILABILITY = YES_AGGRESSIVE;
				CLANG_WARN_UNREACHABLE_CODE = YES;
				CLANG_WARN__DUPLICATE_METHOD_MATCH = YES;
				CODE_SIGN_IDENTITY = "iPhone Developer";
				COPY_PHASE_STRIP = NO;
				DEBUG_INFORMATION_FORMAT = dwarf;
				ENABLE_STRICT_OBJC_MSGSEND = YES;
				ENABLE_TESTABILITY = YES;
				GCC_C_LANGUAGE_STANDARD = gnu11;
				GCC_DYNAMIC_NO_PIC = NO;
				GCC_NO_COMMON_BLOCKS = YES;
				GCC_OPTIMIZATION_LEVEL = 0;
				GCC_PREPROCESSOR_DEFINITIONS = (
					"DEBUG=1",
					"$(inherited)",
				);
				GCC_WARN_64_TO_32_BIT_CONVERSION = YES;
				GCC_WARN_ABOUT_RETURN_TYPE = YES_ERROR;
				GCC_WARN_UNDECLARED_SELECTOR = YES;
				GCC_WARN_UNINITIALIZED_AUTOS = YES_AGGRESSIVE;
				GCC_WARN_UNUSED_FUNCTION = YES;
				GCC_WARN_UNUSED_VARIABLE = YES;
				IPHONEOS_DEPLOYMENT_TARGET = 12.4;
				MTL_ENABLE_DEBUG_INFO = INCLUDE_SOURCE;
				MTL_FAST_MATH = YES;
				ONLY_ACTIVE_ARCH = YES;
				SDKROOT = iphoneos;
				SWIFT_ACTIVE_COMPILATION_CONDITIONS = DEBUG;
				SWIFT_OPTIMIZATION_LEVEL = "-Onone";
			};
			name = Debug;
		};
		5E7CF8E023AB66F8000ACA33 /* Release */ = {
			isa = XCBuildConfiguration;
			buildSettings = {
				ALWAYS_SEARCH_USER_PATHS = NO;
				CLANG_ANALYZER_NONNULL = YES;
				CLANG_ANALYZER_NUMBER_OBJECT_CONVERSION = YES_AGGRESSIVE;
				CLANG_CXX_LANGUAGE_STANDARD = "gnu++14";
				CLANG_CXX_LIBRARY = "libc++";
				CLANG_ENABLE_MODULES = YES;
				CLANG_ENABLE_OBJC_ARC = YES;
				CLANG_ENABLE_OBJC_WEAK = YES;
				CLANG_WARN_BLOCK_CAPTURE_AUTORELEASING = YES;
				CLANG_WARN_BOOL_CONVERSION = YES;
				CLANG_WARN_COMMA = YES;
				CLANG_WARN_CONSTANT_CONVERSION = YES;
				CLANG_WARN_DEPRECATED_OBJC_IMPLEMENTATIONS = YES;
				CLANG_WARN_DIRECT_OBJC_ISA_USAGE = YES_ERROR;
				CLANG_WARN_DOCUMENTATION_COMMENTS = YES;
				CLANG_WARN_EMPTY_BODY = YES;
				CLANG_WARN_ENUM_CONVERSION = YES;
				CLANG_WARN_INFINITE_RECURSION = YES;
				CLANG_WARN_INT_CONVERSION = YES;
				CLANG_WARN_NON_LITERAL_NULL_CONVERSION = YES;
				CLANG_WARN_OBJC_IMPLICIT_RETAIN_SELF = YES;
				CLANG_WARN_OBJC_LITERAL_CONVERSION = YES;
				CLANG_WARN_OBJC_ROOT_CLASS = YES_ERROR;
				CLANG_WARN_RANGE_LOOP_ANALYSIS = YES;
				CLANG_WARN_STRICT_PROTOTYPES = YES;
				CLANG_WARN_SUSPICIOUS_MOVE = YES;
				CLANG_WARN_UNGUARDED_AVAILABILITY = YES_AGGRESSIVE;
				CLANG_WARN_UNREACHABLE_CODE = YES;
				CLANG_WARN__DUPLICATE_METHOD_MATCH = YES;
				CODE_SIGN_IDENTITY = "iPhone Developer";
				COPY_PHASE_STRIP = NO;
				DEBUG_INFORMATION_FORMAT = "dwarf-with-dsym";
				ENABLE_NS_ASSERTIONS = NO;
				ENABLE_STRICT_OBJC_MSGSEND = YES;
				GCC_C_LANGUAGE_STANDARD = gnu11;
				GCC_NO_COMMON_BLOCKS = YES;
				GCC_WARN_64_TO_32_BIT_CONVERSION = YES;
				GCC_WARN_ABOUT_RETURN_TYPE = YES_ERROR;
				GCC_WARN_UNDECLARED_SELECTOR = YES;
				GCC_WARN_UNINITIALIZED_AUTOS = YES_AGGRESSIVE;
				GCC_WARN_UNUSED_FUNCTION = YES;
				GCC_WARN_UNUSED_VARIABLE = YES;
				IPHONEOS_DEPLOYMENT_TARGET = 12.4;
				MTL_ENABLE_DEBUG_INFO = NO;
				MTL_FAST_MATH = YES;
				SDKROOT = iphoneos;
				SWIFT_COMPILATION_MODE = wholemodule;
				SWIFT_OPTIMIZATION_LEVEL = "-O";
				VALIDATE_PRODUCT = YES;
			};
			name = Release;
		};
		5E7CF8E223AB66F8000ACA33 /* Debug */ = {
			isa = XCBuildConfiguration;
			baseConfigurationReference = 0EC8F3EFBBC972AEEDC223D0 /* Pods-MovieDB.debug.xcconfig */;
			buildSettings = {
				ASSETCATALOG_COMPILER_APPICON_NAME = AppIcon;
				CODE_SIGN_STYLE = Automatic;
				DEVELOPMENT_TEAM = BY8P5XC76R;
				INFOPLIST_FILE = MovieDB/Info.plist;
				LD_RUNPATH_SEARCH_PATHS = (
					"$(inherited)",
					"@executable_path/Frameworks",
				);
				PRODUCT_BUNDLE_IDENTIFIER = william.sample.MovieDB;
				PRODUCT_NAME = "$(TARGET_NAME)";
				SWIFT_VERSION = 5.0;
				TARGETED_DEVICE_FAMILY = "1,2";
			};
			name = Debug;
		};
		5E7CF8E323AB66F8000ACA33 /* Release */ = {
			isa = XCBuildConfiguration;
			baseConfigurationReference = 0838D516A3E4AFF0DFB6F6E3 /* Pods-MovieDB.release.xcconfig */;
			buildSettings = {
				ASSETCATALOG_COMPILER_APPICON_NAME = AppIcon;
				CODE_SIGN_STYLE = Automatic;
				DEVELOPMENT_TEAM = BY8P5XC76R;
				INFOPLIST_FILE = MovieDB/Info.plist;
				LD_RUNPATH_SEARCH_PATHS = (
					"$(inherited)",
					"@executable_path/Frameworks",
				);
				PRODUCT_BUNDLE_IDENTIFIER = william.sample.MovieDB;
				PRODUCT_NAME = "$(TARGET_NAME)";
				SWIFT_VERSION = 5.0;
				TARGETED_DEVICE_FAMILY = "1,2";
			};
			name = Release;
		};
		5E7CF8E523AB66F8000ACA33 /* Debug */ = {
			isa = XCBuildConfiguration;
			baseConfigurationReference = 02D4F2183EDA9965251A5127 /* Pods-MovieDBTests.debug.xcconfig */;
			buildSettings = {
				ALWAYS_EMBED_SWIFT_STANDARD_LIBRARIES = YES;
				BUNDLE_LOADER = "$(TEST_HOST)";
				CODE_SIGN_STYLE = Automatic;
				DEVELOPMENT_TEAM = BY8P5XC76R;
				INFOPLIST_FILE = MovieDBTests/Info.plist;
				LD_RUNPATH_SEARCH_PATHS = (
					"$(inherited)",
					"@executable_path/Frameworks",
					"@loader_path/Frameworks",
				);
				PRODUCT_BUNDLE_IDENTIFIER = william.sample.MovieDBTests;
				PRODUCT_NAME = "$(TARGET_NAME)";
				SWIFT_VERSION = 5.0;
				TARGETED_DEVICE_FAMILY = "1,2";
				TEST_HOST = "$(BUILT_PRODUCTS_DIR)/MovieDB.app/MovieDB";
			};
			name = Debug;
		};
		5E7CF8E623AB66F8000ACA33 /* Release */ = {
			isa = XCBuildConfiguration;
			baseConfigurationReference = 59A718A9565EE0697C523A10 /* Pods-MovieDBTests.release.xcconfig */;
			buildSettings = {
				ALWAYS_EMBED_SWIFT_STANDARD_LIBRARIES = YES;
				BUNDLE_LOADER = "$(TEST_HOST)";
				CODE_SIGN_STYLE = Automatic;
				DEVELOPMENT_TEAM = BY8P5XC76R;
				INFOPLIST_FILE = MovieDBTests/Info.plist;
				LD_RUNPATH_SEARCH_PATHS = (
					"$(inherited)",
					"@executable_path/Frameworks",
					"@loader_path/Frameworks",
				);
				PRODUCT_BUNDLE_IDENTIFIER = william.sample.MovieDBTests;
				PRODUCT_NAME = "$(TARGET_NAME)";
				SWIFT_VERSION = 5.0;
				TARGETED_DEVICE_FAMILY = "1,2";
				TEST_HOST = "$(BUILT_PRODUCTS_DIR)/MovieDB.app/MovieDB";
			};
			name = Release;
		};
/* End XCBuildConfiguration section */

/* Begin XCConfigurationList section */
		5E7CF8BF23AB66F4000ACA33 /* Build configuration list for PBXProject "MovieDB" */ = {
			isa = XCConfigurationList;
			buildConfigurations = (
				5E7CF8DF23AB66F8000ACA33 /* Debug */,
				5E7CF8E023AB66F8000ACA33 /* Release */,
			);
			defaultConfigurationIsVisible = 0;
			defaultConfigurationName = Release;
		};
		5E7CF8E123AB66F8000ACA33 /* Build configuration list for PBXNativeTarget "MovieDB" */ = {
			isa = XCConfigurationList;
			buildConfigurations = (
				5E7CF8E223AB66F8000ACA33 /* Debug */,
				5E7CF8E323AB66F8000ACA33 /* Release */,
			);
			defaultConfigurationIsVisible = 0;
			defaultConfigurationName = Release;
		};
		5E7CF8E423AB66F8000ACA33 /* Build configuration list for PBXNativeTarget "MovieDBTests" */ = {
			isa = XCConfigurationList;
			buildConfigurations = (
				5E7CF8E523AB66F8000ACA33 /* Debug */,
				5E7CF8E623AB66F8000ACA33 /* Release */,
			);
			defaultConfigurationIsVisible = 0;
			defaultConfigurationName = Release;
		};
/* End XCConfigurationList section */
	};
	rootObject = 5E7CF8BC23AB66F4000ACA33 /* Project object */;
}
